{
  "version": 4,
  "terraform_version": "0.13.6",
  "serial": 46,
  "lineage": "0fe2542e-7400-8a12-27fd-2159b1408391",
  "outputs": {},
  "resources": [
    {
      "mode": "data",
      "type": "external",
      "name": "env",
      "provider": "provider[\"registry.terraform.io/hashicorp/external\"]",
      "instances": [
        {
          "schema_version": 0,
          "attributes": {
            "id": "-",
            "program": [
              "jq",
              "-n",
              "env"
            ],
            "query": null,
            "result": {
              "HOME": "/home/michael",
              "HOSTTYPE": "x86_64",
              "IBMCLOUD_API_KEY": "6k6IJYuTV7I9zqLLdd8f_KjAypCE8ze3K5uLS3ltEn_k",
              "LANG": "en_US.UTF-8",
              "LESSCLOSE": "/usr/bin/lesspipe %s %s",
              "LESSOPEN": "| /usr/bin/lesspipe %s",
              "LOGNAME": "michael",
              "LS_COLORS": "rs=0:di=01;34:ln=01;36:mh=00:pi=40;33:so=01;35:do=01;35:bd=40;33;01:cd=40;33;01:or=40;31;01:mi=00:su=37;41:sg=30;43:ca=30;41:tw=30;42:ow=34;42:st=37;44:ex=01;32:*.tar=01;31:*.tgz=01;31:*.arc=01;31:*.arj=01;31:*.taz=01;31:*.lha=01;31:*.lz4=01;31:*.lzh=01;31:*.lzma=01;31:*.tlz=01;31:*.txz=01;31:*.tzo=01;31:*.t7z=01;31:*.zip=01;31:*.z=01;31:*.dz=01;31:*.gz=01;31:*.lrz=01;31:*.lz=01;31:*.lzo=01;31:*.xz=01;31:*.zst=01;31:*.tzst=01;31:*.bz2=01;31:*.bz=01;31:*.tbz=01;31:*.tbz2=01;31:*.tz=01;31:*.deb=01;31:*.rpm=01;31:*.jar=01;31:*.war=01;31:*.ear=01;31:*.sar=01;31:*.rar=01;31:*.alz=01;31:*.ace=01;31:*.zoo=01;31:*.cpio=01;31:*.7z=01;31:*.rz=01;31:*.cab=01;31:*.wim=01;31:*.swm=01;31:*.dwm=01;31:*.esd=01;31:*.jpg=01;35:*.jpeg=01;35:*.mjpg=01;35:*.mjpeg=01;35:*.gif=01;35:*.bmp=01;35:*.pbm=01;35:*.pgm=01;35:*.ppm=01;35:*.tga=01;35:*.xbm=01;35:*.xpm=01;35:*.tif=01;35:*.tiff=01;35:*.png=01;35:*.svg=01;35:*.svgz=01;35:*.mng=01;35:*.pcx=01;35:*.mov=01;35:*.mpg=01;35:*.mpeg=01;35:*.m2v=01;35:*.mkv=01;35:*.webm=01;35:*.ogm=01;35:*.mp4=01;35:*.m4v=01;35:*.mp4v=01;35:*.vob=01;35:*.qt=01;35:*.nuv=01;35:*.wmv=01;35:*.asf=01;35:*.rm=01;35:*.rmvb=01;35:*.flc=01;35:*.avi=01;35:*.fli=01;35:*.flv=01;35:*.gl=01;35:*.dl=01;35:*.xcf=01;35:*.xwd=01;35:*.yuv=01;35:*.cgm=01;35:*.emf=01;35:*.ogv=01;35:*.ogx=01;35:*.aac=00;36:*.au=00;36:*.flac=00;36:*.m4a=00;36:*.mid=00;36:*.midi=00;36:*.mka=00;36:*.mp3=00;36:*.mpc=00;36:*.ogg=00;36:*.ra=00;36:*.wav=00;36:*.oga=00;36:*.opus=00;36:*.spx=00;36:*.xspf=00;36:",
              "NAME": "Nano",
              "OLDPWD": "/home/michael/code",
              "PATH": "/home/michael/bin:/home/michael/.local/bin:/usr/local/sbin:/usr/local/bin:/usr/sbin:/usr/bin:/sbin:/bin:/usr/games:/usr/local/games:/mnt/c/WINDOWS/system32:/mnt/c/WINDOWS:/mnt/c/WINDOWS/System32/Wbem:/mnt/c/WINDOWS/System32/WindowsPowerShell/v1.0/:/mnt/c/Program Files/Calibre2/:/mnt/c/WINDOWS/System32/OpenSSH/:/mnt/c/Program Files/Microsoft VS Code/bin:/mnt/c/Program Files/Git/cmd:/mnt/c/Program Files/IBM/Cloud/bin:/mnt/c/Program Files/PuTTY/:/mnt/c/Users/Michael/AppData/Local/Microsoft/WindowsApps:/mnt/c/Users/Michael/AppData/Local/atom/bin:/mnt/c/Program Files/Kubernetes/Minikube:/mnt/c/WINDOWS/system32:/mnt/c/WINDOWS:/mnt/c/WINDOWS/System32/Wbem:/mnt/c/WINDOWS/System32/WindowsPowerShell/v1.0/:/mnt/c/WINDOWS/System32/OpenSSH/:/mnt/c/Program Files (x86)/Plantronics/Spokes3G/:/mnt/c/HashiCorp/Vagrant/bin:/mnt/c/Program Files/dotnet/:/mnt/c/Users/Michael/AppData/Local/GitHubDesktop/bin:/mnt/c/Program Files/VMware/VMware OVF Tool:/mnt/c/Users/Michael/AppData/Local/Box/Box Edit/:/mnt/c/Users/Michael/My Program Files/CloudTools:/snap/bin:/home/michael/terraform:/home/michael/packer:/home/michael/terraform",
              "PLUGIN_CLIENT_CERT": "-----BEGIN CERTIFICATE-----\nMIICLzCCAZGgAwIBAgIQESBCijDFbGlKL2ai9KO2RzAKBggqhkjOPQQDBDAoMRIw\nEAYDVQQKEwlIYXNoaUNvcnAxEjAQBgNVBAMTCWxvY2FsaG9zdDAgFw0yMTAzMTQw\nMTQ1MDZaGA8yMDUxMDMxNDEzNDUzNlowKDESMBAGA1UEChMJSGFzaGlDb3JwMRIw\nEAYDVQQDEwlsb2NhbGhvc3QwgZswEAYHKoZIzj0CAQYFK4EEACMDgYYABAC5dxIU\nV8hAs0l4MPo7xEfqSjQywEc/fn2gYoMJFUZw1eb3+iAlbOh0vpRVz9EqnDJGusYF\nNssk5pZAphCiybyWwQCdfSOUFkqXhpfWAdY72odrpLvPuxoMcEbDijkraAomfTfg\nJzH49kFk+93Anj3ucWlS5INoJCK/babFChZQvNTz9aNYMFYwDgYDVR0PAQH/BAQD\nAgKsMB0GA1UdJQQWMBQGCCsGAQUFBwMCBggrBgEFBQcDATAPBgNVHRMBAf8EBTAD\nAQH/MBQGA1UdEQQNMAuCCWxvY2FsaG9zdDAKBggqhkjOPQQDBAOBiwAwgYcCQgFA\nimP1CJ5DNBDZshIBjwwpq6xICspZaWQurjhAeI1SfAfqHu95UmMNiExc3fXnopjN\n+tI608X5rgi911dr/bQAaAJBf1k9S7iXvdWi0mlAIQUInXNn5clkgQ7drj7BV4gy\ngjb1dGHLtPncc1V4HsOIjq1XdsIFidEIrZ6fne1vg40GUI8=\n-----END CERTIFICATE-----\n",
              "PLUGIN_MAX_PORT": "25000",
              "PLUGIN_MIN_PORT": "10000",
              "PLUGIN_PROTOCOL_VERSIONS": "5",
              "PWD": "/home/michael/code/multitier-vpc-bastion-host",
              "SHELL": "/bin/bash",
              "SHLVL": "1",
              "TERM": "xterm-256color",
              "TF_PLUGIN_MAGIC_COOKIE": "d602bf8f470bc67ca7faa0386276bbdd4330efaf76d1a219cb4d6991ca9872b2",
              "TF_VAR_ic_api_key": "6k6IJYuTV7I9zqLLdd8f_KjAypCE8ze3K5uLS3ltEn_k",
              "TF_VAR_sl_api_key": "1781345eb18ab06d5e4130d1b6b8d9c8480663a094144d39e9012fbd7f6975e3",
              "TF_VAR_sl_username": "1642777_shallcrm@au1.ibm.com",
              "USER": "michael",
              "WSLENV": "WT_SESSION::WT_PROFILE_ID",
              "WSL_DISTRO_NAME": "Ubuntu",
              "WT_PROFILE_ID": "{2c4de342-38b7-51cf-b940-2309a097f518}",
              "WT_SESSION": "b7f9d0b8-3597-4222-bc65-709369b6e4cf",
              "XDG_DATA_DIRS": "/usr/local/share:/usr/share:/var/lib/snapd/desktop",
              "_": "/home/michael/terraform/terraform",
              "apikey": "6k6IJYuTV7I9zqLLdd8f_KjAypCE8ze3K5uLS3ltEn_k"
            },
            "working_dir": null
          }
        }
      ]
    },
    {
      "mode": "data",
      "type": "ibm_resource_group",
      "name": "all_rg",
      "provider": "provider[\"registry.terraform.io/ibm-cloud/ibm\"]",
      "instances": [
        {
          "schema_version": 0,
          "attributes": {
            "id": "4ba0d39f7d0f4ef8805073c281c526e0",
            "is_default": null,
            "name": "Default"
          }
        }
      ]
    },
    {
      "module": "module.backend",
      "mode": "managed",
      "type": "ibm_is_security_group",
      "name": "backend",
      "provider": "provider[\"registry.terraform.io/ibm-cloud/ibm\"]",
      "instances": [
        {
          "schema_version": 0,
          "attributes": {
            "id": "r026-3b1ab709-be92-4b1c-a176-9e4fc105c72a",
            "name": "shallcrm-vpc-backend-sg",
            "resource_controller_url": "https://cloud.ibm.com/vpc-ext/network/securityGroups",
            "resource_crn": "crn:v1:bluemix:public:is:au-syd:a/918185b8223c287fc7f5ca517d94c0f1::security-group:r026-3b1ab709-be92-4b1c-a176-9e4fc105c72a",
            "resource_group": "4ba0d39f7d0f4ef8805073c281c526e0",
            "resource_group_name": "Default",
            "resource_name": "shallcrm-vpc-backend-sg",
            "rules": [
              {
                "code": 0,
                "direction": "inbound",
                "ip_version": "ipv4",
                "port_max": 27017,
                "port_min": 27017,
                "protocol": "tcp",
                "remote": "r026-58baeb3a-82f0-4a3d-8524-93f3af5a3222",
                "type": 0
              },
              {
                "code": 0,
                "direction": "outbound",
                "ip_version": "ipv4",
                "port_max": 80,
                "port_min": 80,
                "protocol": "tcp",
                "remote": "161.26.0.0/24",
                "type": 0
              },
              {
                "code": 0,
                "direction": "inbound",
                "ip_version": "ipv4",
                "port_max": 80,
                "port_min": 80,
                "protocol": "tcp",
                "remote": "0.0.0.0/0",
                "type": 0
              },
              {
                "code": 0,
                "direction": "inbound",
                "ip_version": "ipv4",
                "port_max": 22,
                "port_min": 22,
                "protocol": "tcp",
                "remote": "r026-71c38d70-445b-4f36-b14d-0dcb63beb36d",
                "type": 0
              },
              {
                "code": 0,
                "direction": "outbound",
                "ip_version": "ipv4",
                "port_max": 443,
                "port_min": 443,
                "protocol": "tcp",
                "remote": "0.0.0.0/0",
                "type": 0
              },
              {
                "code": 0,
                "direction": "outbound",
                "ip_version": "ipv4",
                "port_max": 53,
                "port_min": 53,
                "protocol": "udp",
                "remote": "161.26.0.0/24",
                "type": 0
              },
              {
                "code": 0,
                "direction": "outbound",
                "ip_version": "ipv4",
                "port_max": 443,
                "port_min": 443,
                "protocol": "tcp",
                "remote": "161.26.0.0/24",
                "type": 0
              }
            ],
            "vpc": "r026-a0594016-8319-4abc-acc1-db59c52c8d66"
          },
          "private": "bnVsbA==",
          "dependencies": [
            "data.ibm_resource_group.all_rg",
            "module.vpc.data.ibm_resource_group.all_rg",
            "module.vpc.ibm_is_vpc.vpc"
          ]
        }
      ]
    },
    {
      "module": "module.backend",
      "mode": "managed",
      "type": "ibm_is_security_group_rule",
      "name": "backend_access",
      "provider": "provider[\"registry.terraform.io/ibm-cloud/ibm\"]",
      "instances": [
        {
          "index_key": 0,
          "schema_version": 0,
          "attributes": {
            "direction": "inbound",
            "group": "r026-3b1ab709-be92-4b1c-a176-9e4fc105c72a",
            "icmp": [],
            "id": "r026-3b1ab709-be92-4b1c-a176-9e4fc105c72a.r026-6ef6ac55-4f7d-415f-9000-81c8d509f2af",
            "ip_version": "ipv4",
            "protocol": "tcp",
            "related_crn": "crn:v1:bluemix:public:is:au-syd:a/918185b8223c287fc7f5ca517d94c0f1::security-group:r026-3b1ab709-be92-4b1c-a176-9e4fc105c72a",
            "remote": "r026-71c38d70-445b-4f36-b14d-0dcb63beb36d",
            "rule_id": "r026-6ef6ac55-4f7d-415f-9000-81c8d509f2af",
            "tcp": [
              {
                "port_max": 22,
                "port_min": 22
              }
            ],
            "udp": []
          },
          "private": "bnVsbA==",
          "dependencies": [
            "data.ibm_resource_group.all_rg",
            "module.backend.ibm_is_security_group.backend",
            "module.bastion.ibm_is_security_group.bastion",
            "module.frontend.ibm_is_security_group.frontend",
            "module.vpc.data.ibm_resource_group.all_rg",
            "module.vpc.ibm_is_vpc.vpc"
          ]
        },
        {
          "index_key": 1,
          "schema_version": 0,
          "attributes": {
            "direction": "inbound",
            "group": "r026-3b1ab709-be92-4b1c-a176-9e4fc105c72a",
            "icmp": [],
            "id": "r026-3b1ab709-be92-4b1c-a176-9e4fc105c72a.r026-58db9a51-3bfa-4d09-a776-dd14b18f4792",
            "ip_version": "ipv4",
            "protocol": "tcp",
            "related_crn": "crn:v1:bluemix:public:is:au-syd:a/918185b8223c287fc7f5ca517d94c0f1::security-group:r026-3b1ab709-be92-4b1c-a176-9e4fc105c72a",
            "remote": "r026-58baeb3a-82f0-4a3d-8524-93f3af5a3222",
            "rule_id": "r026-58db9a51-3bfa-4d09-a776-dd14b18f4792",
            "tcp": [
              {
                "port_max": 27017,
                "port_min": 27017
              }
            ],
            "udp": []
          },
          "private": "bnVsbA==",
          "dependencies": [
            "data.ibm_resource_group.all_rg",
            "module.backend.ibm_is_security_group.backend",
            "module.bastion.ibm_is_security_group.bastion",
            "module.frontend.ibm_is_security_group.frontend",
            "module.vpc.data.ibm_resource_group.all_rg",
            "module.vpc.ibm_is_vpc.vpc"
          ]
        },
        {
          "index_key": 2,
          "schema_version": 0,
          "attributes": {
            "direction": "outbound",
            "group": "r026-3b1ab709-be92-4b1c-a176-9e4fc105c72a",
            "icmp": [],
            "id": "r026-3b1ab709-be92-4b1c-a176-9e4fc105c72a.r026-6060a204-961a-44b6-966f-c06e88a5b3ba",
            "ip_version": "ipv4",
            "protocol": "tcp",
            "related_crn": "crn:v1:bluemix:public:is:au-syd:a/918185b8223c287fc7f5ca517d94c0f1::security-group:r026-3b1ab709-be92-4b1c-a176-9e4fc105c72a",
            "remote": "161.26.0.0/24",
            "rule_id": "r026-6060a204-961a-44b6-966f-c06e88a5b3ba",
            "tcp": [
              {
                "port_max": 443,
                "port_min": 443
              }
            ],
            "udp": []
          },
          "private": "bnVsbA==",
          "dependencies": [
            "data.ibm_resource_group.all_rg",
            "module.backend.ibm_is_security_group.backend",
            "module.bastion.ibm_is_security_group.bastion",
            "module.frontend.ibm_is_security_group.frontend",
            "module.vpc.data.ibm_resource_group.all_rg",
            "module.vpc.ibm_is_vpc.vpc"
          ]
        },
        {
          "index_key": 3,
          "schema_version": 0,
          "attributes": {
            "direction": "outbound",
            "group": "r026-3b1ab709-be92-4b1c-a176-9e4fc105c72a",
            "icmp": [],
            "id": "r026-3b1ab709-be92-4b1c-a176-9e4fc105c72a.r026-de6fc13a-98cb-44bb-9bff-47f327cdf9c7",
            "ip_version": "ipv4",
            "protocol": "tcp",
            "related_crn": "crn:v1:bluemix:public:is:au-syd:a/918185b8223c287fc7f5ca517d94c0f1::security-group:r026-3b1ab709-be92-4b1c-a176-9e4fc105c72a",
            "remote": "161.26.0.0/24",
            "rule_id": "r026-de6fc13a-98cb-44bb-9bff-47f327cdf9c7",
            "tcp": [
              {
                "port_max": 80,
                "port_min": 80
              }
            ],
            "udp": []
          },
          "private": "bnVsbA==",
          "dependencies": [
            "data.ibm_resource_group.all_rg",
            "module.backend.ibm_is_security_group.backend",
            "module.bastion.ibm_is_security_group.bastion",
            "module.frontend.ibm_is_security_group.frontend",
            "module.vpc.data.ibm_resource_group.all_rg",
            "module.vpc.ibm_is_vpc.vpc"
          ]
        },
        {
          "index_key": 4,
          "schema_version": 0,
          "attributes": {
            "direction": "outbound",
            "group": "r026-3b1ab709-be92-4b1c-a176-9e4fc105c72a",
            "icmp": [],
            "id": "r026-3b1ab709-be92-4b1c-a176-9e4fc105c72a.r026-8b788f73-d089-4ef7-a3f1-0a6a084003d5",
            "ip_version": "ipv4",
            "protocol": "udp",
            "related_crn": "crn:v1:bluemix:public:is:au-syd:a/918185b8223c287fc7f5ca517d94c0f1::security-group:r026-3b1ab709-be92-4b1c-a176-9e4fc105c72a",
            "remote": "161.26.0.0/24",
            "rule_id": "r026-8b788f73-d089-4ef7-a3f1-0a6a084003d5",
            "tcp": [],
            "udp": [
              {
                "port_max": 53,
                "port_min": 53
              }
            ]
          },
          "private": "bnVsbA==",
          "dependencies": [
            "data.ibm_resource_group.all_rg",
            "module.backend.ibm_is_security_group.backend",
            "module.bastion.ibm_is_security_group.bastion",
            "module.frontend.ibm_is_security_group.frontend",
            "module.vpc.data.ibm_resource_group.all_rg",
            "module.vpc.ibm_is_vpc.vpc"
          ]
        },
        {
          "index_key": 5,
          "schema_version": 0,
          "attributes": {
            "direction": "outbound",
            "group": "r026-3b1ab709-be92-4b1c-a176-9e4fc105c72a",
            "icmp": [],
            "id": "r026-3b1ab709-be92-4b1c-a176-9e4fc105c72a.r026-b6a0af55-da22-42a6-823b-7eb8e1ac77d4",
            "ip_version": "ipv4",
            "protocol": "tcp",
            "related_crn": "crn:v1:bluemix:public:is:au-syd:a/918185b8223c287fc7f5ca517d94c0f1::security-group:r026-3b1ab709-be92-4b1c-a176-9e4fc105c72a",
            "remote": "0.0.0.0/0",
            "rule_id": "r026-b6a0af55-da22-42a6-823b-7eb8e1ac77d4",
            "tcp": [
              {
                "port_max": 443,
                "port_min": 443
              }
            ],
            "udp": []
          },
          "private": "bnVsbA==",
          "dependencies": [
            "data.ibm_resource_group.all_rg",
            "module.backend.ibm_is_security_group.backend",
            "module.bastion.ibm_is_security_group.bastion",
            "module.frontend.ibm_is_security_group.frontend",
            "module.vpc.data.ibm_resource_group.all_rg",
            "module.vpc.ibm_is_vpc.vpc"
          ]
        },
        {
          "index_key": 6,
          "schema_version": 0,
          "attributes": {
            "direction": "inbound",
            "group": "r026-3b1ab709-be92-4b1c-a176-9e4fc105c72a",
            "icmp": [],
            "id": "r026-3b1ab709-be92-4b1c-a176-9e4fc105c72a.r026-768523df-18c5-434f-a1d2-c102b24d5aaa",
            "ip_version": "ipv4",
            "protocol": "tcp",
            "related_crn": "crn:v1:bluemix:public:is:au-syd:a/918185b8223c287fc7f5ca517d94c0f1::security-group:r026-3b1ab709-be92-4b1c-a176-9e4fc105c72a",
            "remote": "0.0.0.0/0",
            "rule_id": "r026-768523df-18c5-434f-a1d2-c102b24d5aaa",
            "tcp": [
              {
                "port_max": 80,
                "port_min": 80
              }
            ],
            "udp": []
          },
          "private": "bnVsbA==",
          "dependencies": [
            "data.ibm_resource_group.all_rg",
            "module.backend.ibm_is_security_group.backend",
            "module.bastion.ibm_is_security_group.bastion",
            "module.frontend.ibm_is_security_group.frontend",
            "module.vpc.data.ibm_resource_group.all_rg",
            "module.vpc.ibm_is_vpc.vpc"
          ]
        }
      ]
    },
    {
      "module": "module.backend",
      "mode": "managed",
      "type": "ibm_is_subnet",
      "name": "backend_subnet",
      "provider": "provider[\"registry.terraform.io/ibm-cloud/ibm\"]",
      "instances": [
        {
          "index_key": 0,
          "schema_version": 0,
          "attributes": {
            "available_ipv4_address_count": 251,
            "id": "02h7-cc6dc6c4-2624-4b2f-9a63-3f80973a0352",
            "ip_version": "ipv4",
            "ipv4_cidr_block": "172.18.0.0/24",
            "ipv6_cidr_block": null,
            "name": "shallcrm-vpc-backend-subnet-1",
            "network_acl": "r026-e091d120-f1ad-4df0-94b2-0866b7895d98",
            "public_gateway": "",
            "resource_controller_url": "https://cloud.ibm.com/vpc-ext/network/subnets",
            "resource_crn": "crn:v1:bluemix:public:is:au-syd-1:a/918185b8223c287fc7f5ca517d94c0f1::subnet:02h7-cc6dc6c4-2624-4b2f-9a63-3f80973a0352",
            "resource_group": "4ba0d39f7d0f4ef8805073c281c526e0",
            "resource_group_name": "Default",
            "resource_name": "shallcrm-vpc-backend-subnet-1",
            "resource_status": "available",
            "routing_table": "r026-9c7eb2fa-dde7-42cc-a5bf-fd420ef1aec7",
            "status": "available",
            "timeouts": null,
            "total_ipv4_address_count": 256,
            "vpc": "r026-a0594016-8319-4abc-acc1-db59c52c8d66",
            "zone": "au-syd-1"
          },
          "private": "eyJlMmJmYjczMC1lY2FhLTExZTYtOGY4OC0zNDM2M2JjN2M0YzAiOnsiY3JlYXRlIjo2MDAwMDAwMDAwMDAsImRlbGV0ZSI6NjAwMDAwMDAwMDAwLCJ1cGRhdGUiOjYwMDAwMDAwMDAwMH19",
          "dependencies": [
            "module.backend.ibm_is_vpc_address_prefix.backend_subnet_prefix",
            "module.vpc.data.ibm_resource_group.all_rg",
            "module.vpc.ibm_is_vpc.vpc"
          ]
        }
      ]
    },
    {
      "module": "module.backend",
      "mode": "managed",
      "type": "ibm_is_vpc_address_prefix",
      "name": "backend_subnet_prefix",
      "provider": "provider[\"registry.terraform.io/ibm-cloud/ibm\"]",
      "instances": [
        {
          "index_key": 0,
          "schema_version": 0,
          "attributes": {
            "cidr": "172.18.0.0/24",
            "has_subnets": true,
            "id": "r026-a0594016-8319-4abc-acc1-db59c52c8d66/r026-af1ef831-522d-4441-88f4-880a7d451a7c",
            "name": "shallcrm-vpc-backend-prefix-zone-1",
            "related_crn": "crn:v1:bluemix:public:is:au-syd:a/918185b8223c287fc7f5ca517d94c0f1::vpc:r026-a0594016-8319-4abc-acc1-db59c52c8d66",
            "vpc": "r026-a0594016-8319-4abc-acc1-db59c52c8d66",
            "zone": "au-syd-1"
          },
          "private": "bnVsbA==",
          "dependencies": [
            "module.vpc.data.ibm_resource_group.all_rg",
            "module.vpc.ibm_is_vpc.vpc"
          ]
        }
      ]
    },
    {
      "module": "module.bastion",
      "mode": "managed",
      "type": "ibm_is_floating_ip",
      "name": "bastion",
      "provider": "provider[\"registry.terraform.io/ibm-cloud/ibm\"]",
      "instances": [
        {
          "index_key": 0,
          "schema_version": 0,
          "attributes": {
            "address": "159.23.96.49",
            "id": "r026-ab86d47b-7695-4a93-91b7-8ab91c766681",
            "name": "shallcrm-vpc-float-bastion-ip-1",
            "resource_controller_url": "https://cloud.ibm.com/vpc-ext/network/floatingIPs",
            "resource_crn": "crn:v1:bluemix:public:is:au-syd-1:a/918185b8223c287fc7f5ca517d94c0f1::floating-ip:r026-ab86d47b-7695-4a93-91b7-8ab91c766681",
            "resource_group": "4ba0d39f7d0f4ef8805073c281c526e0",
            "resource_group_name": "Default",
            "resource_name": "shallcrm-vpc-float-bastion-ip-1",
            "resource_status": "available",
            "status": "available",
            "tags": [],
            "target": null,
            "timeouts": null,
            "zone": "au-syd-1"
          },
          "private": "eyJlMmJmYjczMC1lY2FhLTExZTYtOGY4OC0zNDM2M2JjN2M0YzAiOnsiY3JlYXRlIjo2MDAwMDAwMDAwMDAsImRlbGV0ZSI6NjAwMDAwMDAwMDAwfX0="
        }
      ]
    },
    {
      "module": "module.bastion",
      "mode": "managed",
      "type": "ibm_is_network_acl",
      "name": "bastion_acl",
      "provider": "provider[\"registry.terraform.io/ibm-cloud/ibm\"]",
      "instances": [
        {
          "schema_version": 0,
          "attributes": {
            "id": "r026-98da1bd8-c26c-4a5f-b188-f562dbed5d18",
            "name": "shallcrm-vpc-bastion-acl",
            "resource_controller_url": "https://cloud.ibm.com/vpc-ext/network/acl",
            "resource_crn": null,
            "resource_group": "4ba0d39f7d0f4ef8805073c281c526e0",
            "resource_group_name": "Default",
            "resource_name": "shallcrm-vpc-bastion-acl",
            "rules": [
              {
                "action": "allow",
                "destination": "0.0.0.0/0",
                "direction": "inbound",
                "icmp": [],
                "id": "3fcb08cf-1d3a-4429-bf28-bc74c96c1b41",
                "ip_version": "ipv4",
                "name": "inbound-tcp-bgltyyqx",
                "source": "172.17.0.0/20",
                "subnets": 1,
                "tcp": [
                  {
                    "port_max": 65535,
                    "port_min": 1024,
                    "source_port_max": 22,
                    "source_port_min": 22
                  }
                ],
                "udp": []
              },
              {
                "action": "allow",
                "destination": "0.0.0.0/0",
                "direction": "inbound",
                "icmp": [],
                "id": "b6cd8dbf-bc6e-4b23-9624-01db7deafd13",
                "ip_version": "ipv4",
                "name": "inbound-tcp-cypsxgjk",
                "source": "172.18.0.0/20",
                "subnets": 1,
                "tcp": [
                  {
                    "port_max": 65535,
                    "port_min": 1024,
                    "source_port_max": 22,
                    "source_port_min": 22
                  }
                ],
                "udp": []
              },
              {
                "action": "allow",
                "destination": "172.17.0.0/20",
                "direction": "outbound",
                "icmp": [],
                "id": "74a1aa83-580b-4cea-ab27-0cd2226d7846",
                "ip_version": "ipv4",
                "name": "outbound-tcp-gkxcypys",
                "source": "0.0.0.0/0",
                "subnets": 1,
                "tcp": [
                  {
                    "port_max": 22,
                    "port_min": 22,
                    "source_port_max": 65535,
                    "source_port_min": 1024
                  }
                ],
                "udp": []
              },
              {
                "action": "allow",
                "destination": "172.18.0.0/20",
                "direction": "outbound",
                "icmp": [],
                "id": "65866b2c-1b9c-4b4f-bb98-13dcb78dcee2",
                "ip_version": "ipv4",
                "name": "outbound-tcp-vxzofnfo",
                "source": "0.0.0.0/0",
                "subnets": 1,
                "tcp": [
                  {
                    "port_max": 22,
                    "port_min": 22,
                    "source_port_max": 65535,
                    "source_port_min": 1024
                  }
                ],
                "udp": []
              },
              {
                "action": "allow",
                "destination": "0.0.0.0/0",
                "direction": "inbound",
                "icmp": [],
                "id": "83e885b1-bf5c-415b-8c36-ac56a59f55d7",
                "ip_version": "ipv4",
                "name": "inbound-tcp-ubnmykws",
                "source": "0.0.0.0/0",
                "subnets": 1,
                "tcp": [
                  {
                    "port_max": 22,
                    "port_min": 22,
                    "source_port_max": 65535,
                    "source_port_min": 1024
                  }
                ],
                "udp": []
              },
              {
                "action": "allow",
                "destination": "0.0.0.0/0",
                "direction": "outbound",
                "icmp": [],
                "id": "ea137330-c673-4327-b248-899ef8ef97ae",
                "ip_version": "ipv4",
                "name": "outbound-tcp-huizkzgx",
                "source": "0.0.0.0/0",
                "subnets": 1,
                "tcp": [
                  {
                    "port_max": 65535,
                    "port_min": 1024,
                    "source_port_max": 22,
                    "source_port_min": 22
                  }
                ],
                "udp": []
              },
              {
                "action": "allow",
                "destination": "0.0.0.0/0",
                "direction": "inbound",
                "icmp": [],
                "id": "fd3ad0bb-f420-417a-a289-a9ead8674607",
                "ip_version": "ipv4",
                "name": "inbound-tcp-ctjsfffq",
                "source": "161.26.0.0/16",
                "subnets": 1,
                "tcp": [
                  {
                    "port_max": 65535,
                    "port_min": 1024,
                    "source_port_max": 80,
                    "source_port_min": 80
                  }
                ],
                "udp": []
              },
              {
                "action": "allow",
                "destination": "0.0.0.0/0",
                "direction": "inbound",
                "icmp": [],
                "id": "870b6bf9-72ae-4472-a400-a440905292bc",
                "ip_version": "ipv4",
                "name": "inbound-udp-tuyfqwde",
                "source": "161.26.0.0/16",
                "subnets": 1,
                "tcp": [],
                "udp": [
                  {
                    "port_max": 65535,
                    "port_min": 1024,
                    "source_port_max": 53,
                    "source_port_min": 53
                  }
                ]
              },
              {
                "action": "allow",
                "destination": "161.26.0.0/16",
                "direction": "outbound",
                "icmp": [],
                "id": "fe7eff17-4910-4fe1-8dcd-50c7d29abe50",
                "ip_version": "ipv4",
                "name": "outbound-tcp-gidhervg",
                "source": "0.0.0.0/0",
                "subnets": 1,
                "tcp": [
                  {
                    "port_max": 80,
                    "port_min": 80,
                    "source_port_max": 65535,
                    "source_port_min": 1024
                  }
                ],
                "udp": []
              },
              {
                "action": "allow",
                "destination": "161.26.0.0/16",
                "direction": "outbound",
                "icmp": [],
                "id": "b67b5c1c-9dd1-4270-ba1a-d2c2aef57dfb",
                "ip_version": "ipv4",
                "name": "outbound-udp-geegakff",
                "source": "0.0.0.0/0",
                "subnets": 1,
                "tcp": [],
                "udp": [
                  {
                    "port_max": 53,
                    "port_min": 53,
                    "source_port_max": 65535,
                    "source_port_min": 1024
                  }
                ]
              },
              {
                "action": "deny",
                "destination": "0.0.0.0/0",
                "direction": "inbound",
                "icmp": [],
                "id": "4ff01dac-34da-4feb-88b9-6e8665282ec8",
                "ip_version": "ipv4",
                "name": "inbound-all-bcfayskv",
                "source": "0.0.0.0/0",
                "subnets": 1,
                "tcp": [],
                "udp": []
              },
              {
                "action": "deny",
                "destination": "0.0.0.0/0",
                "direction": "outbound",
                "icmp": [],
                "id": "356b5416-ae82-4a5e-9333-caf750523086",
                "ip_version": "ipv4",
                "name": "outbound-all-vyudysbq",
                "source": "0.0.0.0/0",
                "subnets": 1,
                "tcp": [],
                "udp": []
              }
            ],
            "timeouts": null,
            "vpc": "r026-a0594016-8319-4abc-acc1-db59c52c8d66"
          },
          "private": "eyJlMmJmYjczMC1lY2FhLTExZTYtOGY4OC0zNDM2M2JjN2M0YzAiOnsiY3JlYXRlIjo2MDAwMDAwMDAwMDAsImRlbGV0ZSI6NjAwMDAwMDAwMDAwfX0=",
          "dependencies": [
            "data.external.env",
            "data.ibm_resource_group.all_rg",
            "module.bastion.random_string.uuid",
            "module.vpc.data.ibm_resource_group.all_rg",
            "module.vpc.ibm_is_vpc.vpc"
          ]
        }
      ]
    },
    {
      "module": "module.bastion",
      "mode": "managed",
      "type": "ibm_is_security_group",
      "name": "bastion",
      "provider": "provider[\"registry.terraform.io/ibm-cloud/ibm\"]",
      "instances": [
        {
          "schema_version": 0,
          "attributes": {
            "id": "r026-71c38d70-445b-4f36-b14d-0dcb63beb36d",
            "name": "shallcrm-vpc-bastion-sg",
            "resource_controller_url": "https://cloud.ibm.com/vpc-ext/network/securityGroups",
            "resource_crn": "crn:v1:bluemix:public:is:au-syd:a/918185b8223c287fc7f5ca517d94c0f1::security-group:r026-71c38d70-445b-4f36-b14d-0dcb63beb36d",
            "resource_group": "4ba0d39f7d0f4ef8805073c281c526e0",
            "resource_group_name": "Default",
            "resource_name": "shallcrm-vpc-bastion-sg",
            "rules": [
              {
                "code": 0,
                "direction": "inbound",
                "ip_version": "ipv4",
                "port_max": 22,
                "port_min": 22,
                "protocol": "tcp",
                "remote": "0.0.0.0/0",
                "type": 0
              },
              {
                "code": 0,
                "direction": "outbound",
                "ip_version": "ipv4",
                "port_max": 22,
                "port_min": 22,
                "protocol": "tcp",
                "remote": "r026-58baeb3a-82f0-4a3d-8524-93f3af5a3222",
                "type": 0
              },
              {
                "code": 0,
                "direction": "outbound",
                "ip_version": "ipv4",
                "port_max": 22,
                "port_min": 22,
                "protocol": "tcp",
                "remote": "r026-3b1ab709-be92-4b1c-a176-9e4fc105c72a",
                "type": 0
              },
              {
                "code": 0,
                "direction": "outbound",
                "ip_version": "ipv4",
                "port_max": 53,
                "port_min": 53,
                "protocol": "udp",
                "remote": "161.26.0.0/16",
                "type": 0
              },
              {
                "code": 0,
                "direction": "outbound",
                "ip_version": "ipv4",
                "port_max": 443,
                "port_min": 443,
                "protocol": "tcp",
                "remote": "161.26.0.0/16",
                "type": 0
              },
              {
                "code": 0,
                "direction": "outbound",
                "ip_version": "ipv4",
                "port_max": 80,
                "port_min": 80,
                "protocol": "tcp",
                "remote": "161.26.0.0/16",
                "type": 0
              }
            ],
            "vpc": "r026-a0594016-8319-4abc-acc1-db59c52c8d66"
          },
          "private": "bnVsbA==",
          "dependencies": [
            "data.ibm_resource_group.all_rg",
            "module.vpc.data.ibm_resource_group.all_rg",
            "module.vpc.ibm_is_vpc.vpc"
          ]
        }
      ]
    },
    {
      "module": "module.bastion",
      "mode": "managed",
      "type": "ibm_is_security_group_rule",
      "name": "bastion_access",
      "provider": "provider[\"registry.terraform.io/ibm-cloud/ibm\"]",
      "instances": [
        {
          "index_key": 0,
          "schema_version": 0,
          "attributes": {
            "direction": "inbound",
            "group": "r026-71c38d70-445b-4f36-b14d-0dcb63beb36d",
            "icmp": [],
            "id": "r026-71c38d70-445b-4f36-b14d-0dcb63beb36d.r026-2cbc4cb5-5df3-4b78-8e3f-5cde90a50cf8",
            "ip_version": "ipv4",
            "protocol": "tcp",
            "related_crn": "crn:v1:bluemix:public:is:au-syd:a/918185b8223c287fc7f5ca517d94c0f1::security-group:r026-71c38d70-445b-4f36-b14d-0dcb63beb36d",
            "remote": "0.0.0.0/0",
            "rule_id": "r026-2cbc4cb5-5df3-4b78-8e3f-5cde90a50cf8",
            "tcp": [
              {
                "port_max": 22,
                "port_min": 22
              }
            ],
            "udp": []
          },
          "private": "bnVsbA==",
          "dependencies": [
            "data.external.env",
            "data.ibm_resource_group.all_rg",
            "module.backend.ibm_is_security_group.backend",
            "module.bastion.ibm_is_security_group.bastion",
            "module.frontend.ibm_is_security_group.frontend",
            "module.vpc.data.ibm_resource_group.all_rg",
            "module.vpc.ibm_is_vpc.vpc"
          ]
        },
        {
          "index_key": 1,
          "schema_version": 0,
          "attributes": {
            "direction": "outbound",
            "group": "r026-71c38d70-445b-4f36-b14d-0dcb63beb36d",
            "icmp": [],
            "id": "r026-71c38d70-445b-4f36-b14d-0dcb63beb36d.r026-bf6b120d-6ce6-4298-9db8-bedf12744698",
            "ip_version": "ipv4",
            "protocol": "tcp",
            "related_crn": "crn:v1:bluemix:public:is:au-syd:a/918185b8223c287fc7f5ca517d94c0f1::security-group:r026-71c38d70-445b-4f36-b14d-0dcb63beb36d",
            "remote": "r026-58baeb3a-82f0-4a3d-8524-93f3af5a3222",
            "rule_id": "r026-bf6b120d-6ce6-4298-9db8-bedf12744698",
            "tcp": [
              {
                "port_max": 22,
                "port_min": 22
              }
            ],
            "udp": []
          },
          "private": "bnVsbA==",
          "dependencies": [
            "data.external.env",
            "data.ibm_resource_group.all_rg",
            "module.backend.ibm_is_security_group.backend",
            "module.bastion.ibm_is_security_group.bastion",
            "module.frontend.ibm_is_security_group.frontend",
            "module.vpc.data.ibm_resource_group.all_rg",
            "module.vpc.ibm_is_vpc.vpc"
          ]
        },
        {
          "index_key": 2,
          "schema_version": 0,
          "attributes": {
            "direction": "outbound",
            "group": "r026-71c38d70-445b-4f36-b14d-0dcb63beb36d",
            "icmp": [],
            "id": "r026-71c38d70-445b-4f36-b14d-0dcb63beb36d.r026-754bb7a9-e54d-4a35-b1e3-925b4ae9069c",
            "ip_version": "ipv4",
            "protocol": "tcp",
            "related_crn": "crn:v1:bluemix:public:is:au-syd:a/918185b8223c287fc7f5ca517d94c0f1::security-group:r026-71c38d70-445b-4f36-b14d-0dcb63beb36d",
            "remote": "r026-3b1ab709-be92-4b1c-a176-9e4fc105c72a",
            "rule_id": "r026-754bb7a9-e54d-4a35-b1e3-925b4ae9069c",
            "tcp": [
              {
                "port_max": 22,
                "port_min": 22
              }
            ],
            "udp": []
          },
          "private": "bnVsbA==",
          "dependencies": [
            "data.external.env",
            "data.ibm_resource_group.all_rg",
            "module.backend.ibm_is_security_group.backend",
            "module.bastion.ibm_is_security_group.bastion",
            "module.frontend.ibm_is_security_group.frontend",
            "module.vpc.data.ibm_resource_group.all_rg",
            "module.vpc.ibm_is_vpc.vpc"
          ]
        },
        {
          "index_key": 3,
          "schema_version": 0,
          "attributes": {
            "direction": "outbound",
            "group": "r026-71c38d70-445b-4f36-b14d-0dcb63beb36d",
            "icmp": [],
            "id": "r026-71c38d70-445b-4f36-b14d-0dcb63beb36d.r026-5ffe9dfa-40cf-44f5-95d3-82d2d78bd01b",
            "ip_version": "ipv4",
            "protocol": "udp",
            "related_crn": "crn:v1:bluemix:public:is:au-syd:a/918185b8223c287fc7f5ca517d94c0f1::security-group:r026-71c38d70-445b-4f36-b14d-0dcb63beb36d",
            "remote": "161.26.0.0/16",
            "rule_id": "r026-5ffe9dfa-40cf-44f5-95d3-82d2d78bd01b",
            "tcp": [],
            "udp": [
              {
                "port_max": 53,
                "port_min": 53
              }
            ]
          },
          "private": "bnVsbA==",
          "dependencies": [
            "data.external.env",
            "data.ibm_resource_group.all_rg",
            "module.backend.ibm_is_security_group.backend",
            "module.bastion.ibm_is_security_group.bastion",
            "module.frontend.ibm_is_security_group.frontend",
            "module.vpc.data.ibm_resource_group.all_rg",
            "module.vpc.ibm_is_vpc.vpc"
          ]
        },
        {
          "index_key": 4,
          "schema_version": 0,
          "attributes": {
            "direction": "outbound",
            "group": "r026-71c38d70-445b-4f36-b14d-0dcb63beb36d",
            "icmp": [],
            "id": "r026-71c38d70-445b-4f36-b14d-0dcb63beb36d.r026-199fb26f-15d3-41bb-ad18-7bdb829bc8b0",
            "ip_version": "ipv4",
            "protocol": "tcp",
            "related_crn": "crn:v1:bluemix:public:is:au-syd:a/918185b8223c287fc7f5ca517d94c0f1::security-group:r026-71c38d70-445b-4f36-b14d-0dcb63beb36d",
            "remote": "161.26.0.0/16",
            "rule_id": "r026-199fb26f-15d3-41bb-ad18-7bdb829bc8b0",
            "tcp": [
              {
                "port_max": 80,
                "port_min": 80
              }
            ],
            "udp": []
          },
          "private": "bnVsbA==",
          "dependencies": [
            "data.external.env",
            "data.ibm_resource_group.all_rg",
            "module.backend.ibm_is_security_group.backend",
            "module.bastion.ibm_is_security_group.bastion",
            "module.frontend.ibm_is_security_group.frontend",
            "module.vpc.data.ibm_resource_group.all_rg",
            "module.vpc.ibm_is_vpc.vpc"
          ]
        },
        {
          "index_key": 5,
          "schema_version": 0,
          "attributes": {
            "direction": "outbound",
            "group": "r026-71c38d70-445b-4f36-b14d-0dcb63beb36d",
            "icmp": [],
            "id": "r026-71c38d70-445b-4f36-b14d-0dcb63beb36d.r026-2304dd9a-2108-4a6f-ab3c-1b6a4c3bc71b",
            "ip_version": "ipv4",
            "protocol": "tcp",
            "related_crn": "crn:v1:bluemix:public:is:au-syd:a/918185b8223c287fc7f5ca517d94c0f1::security-group:r026-71c38d70-445b-4f36-b14d-0dcb63beb36d",
            "remote": "161.26.0.0/16",
            "rule_id": "r026-2304dd9a-2108-4a6f-ab3c-1b6a4c3bc71b",
            "tcp": [
              {
                "port_max": 443,
                "port_min": 443
              }
            ],
            "udp": []
          },
          "private": "bnVsbA==",
          "dependencies": [
            "data.external.env",
            "data.ibm_resource_group.all_rg",
            "module.backend.ibm_is_security_group.backend",
            "module.bastion.ibm_is_security_group.bastion",
            "module.frontend.ibm_is_security_group.frontend",
            "module.vpc.data.ibm_resource_group.all_rg",
            "module.vpc.ibm_is_vpc.vpc"
          ]
        }
      ]
    },
    {
      "module": "module.bastion",
      "mode": "managed",
      "type": "ibm_is_subnet",
      "name": "bastion_subnet",
      "provider": "provider[\"registry.terraform.io/ibm-cloud/ibm\"]",
      "instances": [
        {
          "index_key": 0,
          "schema_version": 0,
          "attributes": {
            "available_ipv4_address_count": 251,
            "id": "02h7-ea1d75bd-8bda-48d8-8419-fa93b498afdd",
            "ip_version": "ipv4",
            "ipv4_cidr_block": "172.16.0.0/24",
            "ipv6_cidr_block": null,
            "name": "shallcrm-vpc-bastion-subnet-1",
            "network_acl": "r026-98da1bd8-c26c-4a5f-b188-f562dbed5d18",
            "public_gateway": "",
            "resource_controller_url": "https://cloud.ibm.com/vpc-ext/network/subnets",
            "resource_crn": "crn:v1:bluemix:public:is:au-syd-1:a/918185b8223c287fc7f5ca517d94c0f1::subnet:02h7-ea1d75bd-8bda-48d8-8419-fa93b498afdd",
            "resource_group": "4ba0d39f7d0f4ef8805073c281c526e0",
            "resource_group_name": "Default",
            "resource_name": "shallcrm-vpc-bastion-subnet-1",
            "resource_status": "available",
            "routing_table": "r026-9c7eb2fa-dde7-42cc-a5bf-fd420ef1aec7",
            "status": "available",
            "timeouts": null,
            "total_ipv4_address_count": 256,
            "vpc": "r026-a0594016-8319-4abc-acc1-db59c52c8d66",
            "zone": "au-syd-1"
          },
          "private": "eyJlMmJmYjczMC1lY2FhLTExZTYtOGY4OC0zNDM2M2JjN2M0YzAiOnsiY3JlYXRlIjo2MDAwMDAwMDAwMDAsImRlbGV0ZSI6NjAwMDAwMDAwMDAwLCJ1cGRhdGUiOjYwMDAwMDAwMDAwMH19",
          "dependencies": [
            "data.external.env",
            "data.ibm_resource_group.all_rg",
            "module.bastion.ibm_is_network_acl.bastion_acl",
            "module.bastion.ibm_is_vpc_address_prefix.bast_subnet_prefix",
            "module.bastion.random_string.uuid",
            "module.vpc.data.ibm_resource_group.all_rg",
            "module.vpc.ibm_is_vpc.vpc"
          ]
        }
      ]
    },
    {
      "module": "module.bastion",
      "mode": "managed",
      "type": "ibm_is_vpc_address_prefix",
      "name": "bast_subnet_prefix",
      "provider": "provider[\"registry.terraform.io/ibm-cloud/ibm\"]",
      "instances": [
        {
          "index_key": 0,
          "schema_version": 0,
          "attributes": {
            "cidr": "172.16.0.0/24",
            "has_subnets": true,
            "id": "r026-a0594016-8319-4abc-acc1-db59c52c8d66/r026-cf196907-8d07-4a08-a147-d1f017d754cb",
            "name": "shallcrm-vpc-bastion-prefix-zone-1",
            "related_crn": "crn:v1:bluemix:public:is:au-syd:a/918185b8223c287fc7f5ca517d94c0f1::vpc:r026-a0594016-8319-4abc-acc1-db59c52c8d66",
            "vpc": "r026-a0594016-8319-4abc-acc1-db59c52c8d66",
            "zone": "au-syd-1"
          },
          "private": "bnVsbA==",
          "dependencies": [
            "module.vpc.data.ibm_resource_group.all_rg",
            "module.vpc.ibm_is_vpc.vpc"
          ]
        }
      ]
    },
    {
      "module": "module.bastion",
      "mode": "managed",
      "type": "random_string",
      "name": "uuid",
      "provider": "provider[\"registry.terraform.io/hashicorp/random\"]",
      "instances": [
        {
          "index_key": 0,
          "schema_version": 1,
          "attributes": {
            "id": "bgltyyqx",
            "keepers": null,
            "length": 8,
            "lower": true,
            "min_lower": 0,
            "min_numeric": 0,
            "min_special": 0,
            "min_upper": 0,
            "number": false,
            "override_special": null,
            "result": "bgltyyqx",
            "special": false,
            "upper": false
          },
          "private": "eyJzY2hlbWFfdmVyc2lvbiI6IjEifQ==",
          "dependencies": [
            "data.external.env"
          ]
        },
        {
          "index_key": 1,
          "schema_version": 1,
          "attributes": {
            "id": "cypsxgjk",
            "keepers": null,
            "length": 8,
            "lower": true,
            "min_lower": 0,
            "min_numeric": 0,
            "min_special": 0,
            "min_upper": 0,
            "number": false,
            "override_special": null,
            "result": "cypsxgjk",
            "special": false,
            "upper": false
          },
          "private": "eyJzY2hlbWFfdmVyc2lvbiI6IjEifQ==",
          "dependencies": [
            "data.external.env"
          ]
        },
        {
          "index_key": 2,
          "schema_version": 1,
          "attributes": {
            "id": "gkxcypys",
            "keepers": null,
            "length": 8,
            "lower": true,
            "min_lower": 0,
            "min_numeric": 0,
            "min_special": 0,
            "min_upper": 0,
            "number": false,
            "override_special": null,
            "result": "gkxcypys",
            "special": false,
            "upper": false
          },
          "private": "eyJzY2hlbWFfdmVyc2lvbiI6IjEifQ==",
          "dependencies": [
            "data.external.env"
          ]
        },
        {
          "index_key": 3,
          "schema_version": 1,
          "attributes": {
            "id": "vxzofnfo",
            "keepers": null,
            "length": 8,
            "lower": true,
            "min_lower": 0,
            "min_numeric": 0,
            "min_special": 0,
            "min_upper": 0,
            "number": false,
            "override_special": null,
            "result": "vxzofnfo",
            "special": false,
            "upper": false
          },
          "private": "eyJzY2hlbWFfdmVyc2lvbiI6IjEifQ==",
          "dependencies": [
            "data.external.env"
          ]
        },
        {
          "index_key": 4,
          "schema_version": 1,
          "attributes": {
            "id": "ubnmykws",
            "keepers": null,
            "length": 8,
            "lower": true,
            "min_lower": 0,
            "min_numeric": 0,
            "min_special": 0,
            "min_upper": 0,
            "number": false,
            "override_special": null,
            "result": "ubnmykws",
            "special": false,
            "upper": false
          },
          "private": "eyJzY2hlbWFfdmVyc2lvbiI6IjEifQ==",
          "dependencies": [
            "data.external.env"
          ]
        },
        {
          "index_key": 5,
          "schema_version": 1,
          "attributes": {
            "id": "huizkzgx",
            "keepers": null,
            "length": 8,
            "lower": true,
            "min_lower": 0,
            "min_numeric": 0,
            "min_special": 0,
            "min_upper": 0,
            "number": false,
            "override_special": null,
            "result": "huizkzgx",
            "special": false,
            "upper": false
          },
          "private": "eyJzY2hlbWFfdmVyc2lvbiI6IjEifQ==",
          "dependencies": [
            "data.external.env"
          ]
        },
        {
          "index_key": 6,
          "schema_version": 1,
          "attributes": {
            "id": "ctjsfffq",
            "keepers": null,
            "length": 8,
            "lower": true,
            "min_lower": 0,
            "min_numeric": 0,
            "min_special": 0,
            "min_upper": 0,
            "number": false,
            "override_special": null,
            "result": "ctjsfffq",
            "special": false,
            "upper": false
          },
          "private": "eyJzY2hlbWFfdmVyc2lvbiI6IjEifQ==",
          "dependencies": [
            "data.external.env"
          ]
        },
        {
          "index_key": 7,
          "schema_version": 1,
          "attributes": {
            "id": "tuyfqwde",
            "keepers": null,
            "length": 8,
            "lower": true,
            "min_lower": 0,
            "min_numeric": 0,
            "min_special": 0,
            "min_upper": 0,
            "number": false,
            "override_special": null,
            "result": "tuyfqwde",
            "special": false,
            "upper": false
          },
          "private": "eyJzY2hlbWFfdmVyc2lvbiI6IjEifQ==",
          "dependencies": [
            "data.external.env"
          ]
        },
        {
          "index_key": 8,
          "schema_version": 1,
          "attributes": {
            "id": "gidhervg",
            "keepers": null,
            "length": 8,
            "lower": true,
            "min_lower": 0,
            "min_numeric": 0,
            "min_special": 0,
            "min_upper": 0,
            "number": false,
            "override_special": null,
            "result": "gidhervg",
            "special": false,
            "upper": false
          },
          "private": "eyJzY2hlbWFfdmVyc2lvbiI6IjEifQ==",
          "dependencies": [
            "data.external.env"
          ]
        },
        {
          "index_key": 9,
          "schema_version": 1,
          "attributes": {
            "id": "geegakff",
            "keepers": null,
            "length": 8,
            "lower": true,
            "min_lower": 0,
            "min_numeric": 0,
            "min_special": 0,
            "min_upper": 0,
            "number": false,
            "override_special": null,
            "result": "geegakff",
            "special": false,
            "upper": false
          },
          "private": "eyJzY2hlbWFfdmVyc2lvbiI6IjEifQ==",
          "dependencies": [
            "data.external.env"
          ]
        },
        {
          "index_key": 10,
          "schema_version": 1,
          "attributes": {
            "id": "bcfayskv",
            "keepers": null,
            "length": 8,
            "lower": true,
            "min_lower": 0,
            "min_numeric": 0,
            "min_special": 0,
            "min_upper": 0,
            "number": false,
            "override_special": null,
            "result": "bcfayskv",
            "special": false,
            "upper": false
          },
          "private": "eyJzY2hlbWFfdmVyc2lvbiI6IjEifQ==",
          "dependencies": [
            "data.external.env"
          ]
        },
        {
          "index_key": 11,
          "schema_version": 1,
          "attributes": {
            "id": "vyudysbq",
            "keepers": null,
            "length": 8,
            "lower": true,
            "min_lower": 0,
            "min_numeric": 0,
            "min_special": 0,
            "min_upper": 0,
            "number": false,
            "override_special": null,
            "result": "vyudysbq",
            "special": false,
            "upper": false
          },
          "private": "eyJzY2hlbWFfdmVyc2lvbiI6IjEifQ==",
          "dependencies": [
            "data.external.env"
          ]
        }
      ]
    },
    {
      "module": "module.frontend",
      "mode": "managed",
      "type": "ibm_is_security_group",
      "name": "frontend",
      "provider": "provider[\"registry.terraform.io/ibm-cloud/ibm\"]",
      "instances": [
        {
          "schema_version": 0,
          "attributes": {
            "id": "r026-58baeb3a-82f0-4a3d-8524-93f3af5a3222",
            "name": "shallcrm-vpc-frontend-sg",
            "resource_controller_url": "https://cloud.ibm.com/vpc-ext/network/securityGroups",
            "resource_crn": "crn:v1:bluemix:public:is:au-syd:a/918185b8223c287fc7f5ca517d94c0f1::security-group:r026-58baeb3a-82f0-4a3d-8524-93f3af5a3222",
            "resource_group": "4ba0d39f7d0f4ef8805073c281c526e0",
            "resource_group_name": "Default",
            "resource_name": "shallcrm-vpc-frontend-sg",
            "rules": [
              {
                "code": 0,
                "direction": "outbound",
                "ip_version": "ipv4",
                "port_max": 443,
                "port_min": 443,
                "protocol": "tcp",
                "remote": "0.0.0.0/0",
                "type": 0
              },
              {
                "code": 0,
                "direction": "outbound",
                "ip_version": "ipv4",
                "port_max": 80,
                "port_min": 80,
                "protocol": "tcp",
                "remote": "0.0.0.0/0",
                "type": 0
              },
              {
                "code": 0,
                "direction": "inbound",
                "ip_version": "ipv4",
                "port_max": 22,
                "port_min": 22,
                "protocol": "tcp",
                "remote": "r026-71c38d70-445b-4f36-b14d-0dcb63beb36d",
                "type": 0
              },
              {
                "code": 0,
                "direction": "inbound",
                "ip_version": "ipv4",
                "port_max": 8080,
                "port_min": 8080,
                "protocol": "tcp",
                "remote": "0.0.0.0/0",
                "type": 0
              },
              {
                "code": 0,
                "direction": "outbound",
                "ip_version": "ipv4",
                "port_max": 80,
                "port_min": 80,
                "protocol": "tcp",
                "remote": "161.26.0.0/24",
                "type": 0
              },
              {
                "code": 0,
                "direction": "outbound",
                "ip_version": "ipv4",
                "port_max": 27017,
                "port_min": 27017,
                "protocol": "tcp",
                "remote": "r026-3b1ab709-be92-4b1c-a176-9e4fc105c72a",
                "type": 0
              },
              {
                "code": 0,
                "direction": "outbound",
                "ip_version": "ipv4",
                "port_max": 443,
                "port_min": 443,
                "protocol": "tcp",
                "remote": "161.26.0.0/24",
                "type": 0
              },
              {
                "code": 0,
                "direction": "outbound",
                "ip_version": "ipv4",
                "port_max": 53,
                "port_min": 53,
                "protocol": "udp",
                "remote": "161.26.0.0/24",
                "type": 0
              }
            ],
            "vpc": "r026-a0594016-8319-4abc-acc1-db59c52c8d66"
          },
          "private": "bnVsbA==",
          "dependencies": [
            "data.ibm_resource_group.all_rg",
            "module.vpc.data.ibm_resource_group.all_rg",
            "module.vpc.ibm_is_vpc.vpc"
          ]
        }
      ]
    },
    {
      "module": "module.frontend",
      "mode": "managed",
      "type": "ibm_is_security_group_rule",
      "name": "frontend_access",
      "provider": "provider[\"registry.terraform.io/ibm-cloud/ibm\"]",
      "instances": [
        {
          "index_key": 0,
          "schema_version": 0,
          "attributes": {
            "direction": "outbound",
            "group": "r026-58baeb3a-82f0-4a3d-8524-93f3af5a3222",
            "icmp": [],
            "id": "r026-58baeb3a-82f0-4a3d-8524-93f3af5a3222.r026-fa94acb6-7528-4841-b16c-2ead6014f704",
            "ip_version": "ipv4",
            "protocol": "tcp",
            "related_crn": "crn:v1:bluemix:public:is:au-syd:a/918185b8223c287fc7f5ca517d94c0f1::security-group:r026-58baeb3a-82f0-4a3d-8524-93f3af5a3222",
            "remote": "r026-3b1ab709-be92-4b1c-a176-9e4fc105c72a",
            "rule_id": "r026-fa94acb6-7528-4841-b16c-2ead6014f704",
            "tcp": [
              {
                "port_max": 27017,
                "port_min": 27017
              }
            ],
            "udp": []
          },
          "private": "bnVsbA==",
          "dependencies": [
            "data.ibm_resource_group.all_rg",
            "module.backend.ibm_is_security_group.backend",
            "module.bastion.ibm_is_security_group.bastion",
            "module.frontend.ibm_is_security_group.frontend",
            "module.vpc.data.ibm_resource_group.all_rg",
            "module.vpc.ibm_is_vpc.vpc"
          ]
        },
        {
          "index_key": 1,
          "schema_version": 0,
          "attributes": {
            "direction": "inbound",
            "group": "r026-58baeb3a-82f0-4a3d-8524-93f3af5a3222",
            "icmp": [],
            "id": "r026-58baeb3a-82f0-4a3d-8524-93f3af5a3222.r026-1b3cf682-ec02-4629-bf3f-27758eb458c8",
            "ip_version": "ipv4",
            "protocol": "tcp",
            "related_crn": "crn:v1:bluemix:public:is:au-syd:a/918185b8223c287fc7f5ca517d94c0f1::security-group:r026-58baeb3a-82f0-4a3d-8524-93f3af5a3222",
            "remote": "r026-71c38d70-445b-4f36-b14d-0dcb63beb36d",
            "rule_id": "r026-1b3cf682-ec02-4629-bf3f-27758eb458c8",
            "tcp": [
              {
                "port_max": 22,
                "port_min": 22
              }
            ],
            "udp": []
          },
          "private": "bnVsbA==",
          "dependencies": [
            "data.ibm_resource_group.all_rg",
            "module.backend.ibm_is_security_group.backend",
            "module.bastion.ibm_is_security_group.bastion",
            "module.frontend.ibm_is_security_group.frontend",
            "module.vpc.data.ibm_resource_group.all_rg",
            "module.vpc.ibm_is_vpc.vpc"
          ]
        },
        {
          "index_key": 2,
          "schema_version": 0,
          "attributes": {
            "direction": "outbound",
            "group": "r026-58baeb3a-82f0-4a3d-8524-93f3af5a3222",
            "icmp": [],
            "id": "r026-58baeb3a-82f0-4a3d-8524-93f3af5a3222.r026-79a5a2e1-beae-4697-87b5-4c09447022ea",
            "ip_version": "ipv4",
            "protocol": "tcp",
            "related_crn": "crn:v1:bluemix:public:is:au-syd:a/918185b8223c287fc7f5ca517d94c0f1::security-group:r026-58baeb3a-82f0-4a3d-8524-93f3af5a3222",
            "remote": "161.26.0.0/24",
            "rule_id": "r026-79a5a2e1-beae-4697-87b5-4c09447022ea",
            "tcp": [
              {
                "port_max": 443,
                "port_min": 443
              }
            ],
            "udp": []
          },
          "private": "bnVsbA==",
          "dependencies": [
            "data.ibm_resource_group.all_rg",
            "module.backend.ibm_is_security_group.backend",
            "module.bastion.ibm_is_security_group.bastion",
            "module.frontend.ibm_is_security_group.frontend",
            "module.vpc.data.ibm_resource_group.all_rg",
            "module.vpc.ibm_is_vpc.vpc"
          ]
        },
        {
          "index_key": 3,
          "schema_version": 0,
          "attributes": {
            "direction": "outbound",
            "group": "r026-58baeb3a-82f0-4a3d-8524-93f3af5a3222",
            "icmp": [],
            "id": "r026-58baeb3a-82f0-4a3d-8524-93f3af5a3222.r026-4e53eafc-df99-4d9e-bcc7-5cc4954e3991",
            "ip_version": "ipv4",
            "protocol": "tcp",
            "related_crn": "crn:v1:bluemix:public:is:au-syd:a/918185b8223c287fc7f5ca517d94c0f1::security-group:r026-58baeb3a-82f0-4a3d-8524-93f3af5a3222",
            "remote": "161.26.0.0/24",
            "rule_id": "r026-4e53eafc-df99-4d9e-bcc7-5cc4954e3991",
            "tcp": [
              {
                "port_max": 80,
                "port_min": 80
              }
            ],
            "udp": []
          },
          "private": "bnVsbA==",
          "dependencies": [
            "data.ibm_resource_group.all_rg",
            "module.backend.ibm_is_security_group.backend",
            "module.bastion.ibm_is_security_group.bastion",
            "module.frontend.ibm_is_security_group.frontend",
            "module.vpc.data.ibm_resource_group.all_rg",
            "module.vpc.ibm_is_vpc.vpc"
          ]
        },
        {
          "index_key": 4,
          "schema_version": 0,
          "attributes": {
            "direction": "outbound",
            "group": "r026-58baeb3a-82f0-4a3d-8524-93f3af5a3222",
            "icmp": [],
            "id": "r026-58baeb3a-82f0-4a3d-8524-93f3af5a3222.r026-54f3d964-3e7c-4f1e-b0ff-d7e2861e9daf",
            "ip_version": "ipv4",
            "protocol": "udp",
            "related_crn": "crn:v1:bluemix:public:is:au-syd:a/918185b8223c287fc7f5ca517d94c0f1::security-group:r026-58baeb3a-82f0-4a3d-8524-93f3af5a3222",
            "remote": "161.26.0.0/24",
            "rule_id": "r026-54f3d964-3e7c-4f1e-b0ff-d7e2861e9daf",
            "tcp": [],
            "udp": [
              {
                "port_max": 53,
                "port_min": 53
              }
            ]
          },
          "private": "bnVsbA==",
          "dependencies": [
            "data.ibm_resource_group.all_rg",
            "module.backend.ibm_is_security_group.backend",
            "module.bastion.ibm_is_security_group.bastion",
            "module.frontend.ibm_is_security_group.frontend",
            "module.vpc.data.ibm_resource_group.all_rg",
            "module.vpc.ibm_is_vpc.vpc"
          ]
        },
        {
          "index_key": 5,
          "schema_version": 0,
          "attributes": {
            "direction": "outbound",
            "group": "r026-58baeb3a-82f0-4a3d-8524-93f3af5a3222",
            "icmp": [],
            "id": "r026-58baeb3a-82f0-4a3d-8524-93f3af5a3222.r026-1753b514-758c-4b37-8d8e-87dda1466f5e",
            "ip_version": "ipv4",
            "protocol": "tcp",
            "related_crn": "crn:v1:bluemix:public:is:au-syd:a/918185b8223c287fc7f5ca517d94c0f1::security-group:r026-58baeb3a-82f0-4a3d-8524-93f3af5a3222",
            "remote": "0.0.0.0/0",
            "rule_id": "r026-1753b514-758c-4b37-8d8e-87dda1466f5e",
            "tcp": [
              {
                "port_max": 80,
                "port_min": 80
              }
            ],
            "udp": []
          },
          "private": "bnVsbA==",
          "dependencies": [
            "data.ibm_resource_group.all_rg",
            "module.backend.ibm_is_security_group.backend",
            "module.bastion.ibm_is_security_group.bastion",
            "module.frontend.ibm_is_security_group.frontend",
            "module.vpc.data.ibm_resource_group.all_rg",
            "module.vpc.ibm_is_vpc.vpc"
          ]
        },
        {
          "index_key": 6,
          "schema_version": 0,
          "attributes": {
            "direction": "outbound",
            "group": "r026-58baeb3a-82f0-4a3d-8524-93f3af5a3222",
            "icmp": [],
            "id": "r026-58baeb3a-82f0-4a3d-8524-93f3af5a3222.r026-5c007f08-0f6c-4c19-a26b-7d3adecec6a8",
            "ip_version": "ipv4",
            "protocol": "tcp",
            "related_crn": "crn:v1:bluemix:public:is:au-syd:a/918185b8223c287fc7f5ca517d94c0f1::security-group:r026-58baeb3a-82f0-4a3d-8524-93f3af5a3222",
            "remote": "0.0.0.0/0",
            "rule_id": "r026-5c007f08-0f6c-4c19-a26b-7d3adecec6a8",
            "tcp": [
              {
                "port_max": 443,
                "port_min": 443
              }
            ],
            "udp": []
          },
          "private": "bnVsbA==",
          "dependencies": [
            "data.ibm_resource_group.all_rg",
            "module.backend.ibm_is_security_group.backend",
            "module.bastion.ibm_is_security_group.bastion",
            "module.frontend.ibm_is_security_group.frontend",
            "module.vpc.data.ibm_resource_group.all_rg",
            "module.vpc.ibm_is_vpc.vpc"
          ]
        },
        {
          "index_key": 7,
          "schema_version": 0,
          "attributes": {
            "direction": "inbound",
            "group": "r026-58baeb3a-82f0-4a3d-8524-93f3af5a3222",
            "icmp": [],
            "id": "r026-58baeb3a-82f0-4a3d-8524-93f3af5a3222.r026-457e8d2d-5e54-45d0-a16f-391cdd49b43f",
            "ip_version": "ipv4",
            "protocol": "tcp",
            "related_crn": "crn:v1:bluemix:public:is:au-syd:a/918185b8223c287fc7f5ca517d94c0f1::security-group:r026-58baeb3a-82f0-4a3d-8524-93f3af5a3222",
            "remote": "0.0.0.0/0",
            "rule_id": "r026-457e8d2d-5e54-45d0-a16f-391cdd49b43f",
            "tcp": [
              {
                "port_max": 8080,
                "port_min": 8080
              }
            ],
            "udp": []
          },
          "private": "bnVsbA==",
          "dependencies": [
            "data.ibm_resource_group.all_rg",
            "module.backend.ibm_is_security_group.backend",
            "module.bastion.ibm_is_security_group.bastion",
            "module.frontend.ibm_is_security_group.frontend",
            "module.vpc.data.ibm_resource_group.all_rg",
            "module.vpc.ibm_is_vpc.vpc"
          ]
        }
      ]
    },
    {
      "module": "module.frontend",
      "mode": "managed",
      "type": "ibm_is_subnet",
      "name": "frontend_subnet",
      "provider": "provider[\"registry.terraform.io/ibm-cloud/ibm\"]",
      "instances": [
        {
          "index_key": 0,
          "schema_version": 0,
          "attributes": {
            "available_ipv4_address_count": 251,
            "id": "02h7-6b0b4c03-df39-4e5f-a1ca-68eabd9e6799",
            "ip_version": "ipv4",
            "ipv4_cidr_block": "172.17.0.0/24",
            "ipv6_cidr_block": null,
            "name": "shallcrm-vpc-frontend-subnet-1",
            "network_acl": "r026-e091d120-f1ad-4df0-94b2-0866b7895d98",
            "public_gateway": "",
            "resource_controller_url": "https://cloud.ibm.com/vpc-ext/network/subnets",
            "resource_crn": "crn:v1:bluemix:public:is:au-syd-1:a/918185b8223c287fc7f5ca517d94c0f1::subnet:02h7-6b0b4c03-df39-4e5f-a1ca-68eabd9e6799",
            "resource_group": "4ba0d39f7d0f4ef8805073c281c526e0",
            "resource_group_name": "Default",
            "resource_name": "shallcrm-vpc-frontend-subnet-1",
            "resource_status": "available",
            "routing_table": "r026-9c7eb2fa-dde7-42cc-a5bf-fd420ef1aec7",
            "status": "available",
            "timeouts": null,
            "total_ipv4_address_count": 256,
            "vpc": "r026-a0594016-8319-4abc-acc1-db59c52c8d66",
            "zone": "au-syd-1"
          },
          "private": "eyJlMmJmYjczMC1lY2FhLTExZTYtOGY4OC0zNDM2M2JjN2M0YzAiOnsiY3JlYXRlIjo2MDAwMDAwMDAwMDAsImRlbGV0ZSI6NjAwMDAwMDAwMDAwLCJ1cGRhdGUiOjYwMDAwMDAwMDAwMH19",
          "dependencies": [
            "module.frontend.ibm_is_vpc_address_prefix.frontend_subnet_prefix",
            "module.vpc.data.ibm_resource_group.all_rg",
            "module.vpc.ibm_is_vpc.vpc"
          ]
        }
      ]
    },
    {
      "module": "module.frontend",
      "mode": "managed",
      "type": "ibm_is_vpc_address_prefix",
      "name": "frontend_subnet_prefix",
      "provider": "provider[\"registry.terraform.io/ibm-cloud/ibm\"]",
      "instances": [
        {
          "index_key": 0,
          "schema_version": 0,
          "attributes": {
            "cidr": "172.17.0.0/24",
            "has_subnets": true,
            "id": "r026-a0594016-8319-4abc-acc1-db59c52c8d66/r026-4b30c7f3-2a74-48b0-a60e-1d42861ff2f5",
            "name": "shallcrm-vpc-frontend-prefix-zone-1",
            "related_crn": "crn:v1:bluemix:public:is:au-syd:a/918185b8223c287fc7f5ca517d94c0f1::vpc:r026-a0594016-8319-4abc-acc1-db59c52c8d66",
            "vpc": "r026-a0594016-8319-4abc-acc1-db59c52c8d66",
            "zone": "au-syd-1"
          },
          "private": "bnVsbA==",
          "dependencies": [
            "module.vpc.data.ibm_resource_group.all_rg",
            "module.vpc.ibm_is_vpc.vpc"
          ]
        }
      ]
    },
    {
      "module": "module.vpc",
      "mode": "data",
      "type": "ibm_resource_group",
      "name": "all_rg",
      "provider": "provider[\"registry.terraform.io/ibm-cloud/ibm\"]",
      "instances": [
        {
          "schema_version": 0,
          "attributes": {
            "id": "4ba0d39f7d0f4ef8805073c281c526e0",
            "is_default": null,
            "name": "Default"
          }
        }
      ]
    },
    {
      "module": "module.vpc",
      "mode": "managed",
      "type": "ibm_is_public_gateway",
      "name": "repo_gateway",
      "provider": "provider[\"registry.terraform.io/ibm-cloud/ibm\"]",
      "instances": [
        {
          "index_key": 0,
          "schema_version": 0,
          "attributes": {
            "floating_ip": {
              "address": "159.23.94.251",
              "id": "r026-5d186160-6b11-499b-a63e-e18a9ec31705"
            },
            "id": "r026-4b800b2c-1337-4534-bb90-0cf031a6200a",
            "name": "shallcrm-vpc-public-gw-0",
            "resource_controller_url": "https://cloud.ibm.com/vpc-ext/network/publicGateways",
            "resource_crn": "crn:v1:bluemix:public:is:au-syd-1:a/918185b8223c287fc7f5ca517d94c0f1::public-gateway:r026-4b800b2c-1337-4534-bb90-0cf031a6200a",
            "resource_group": "4ba0d39f7d0f4ef8805073c281c526e0",
            "resource_group_name": "Default",
            "resource_name": "shallcrm-vpc-public-gw-0",
            "resource_status": "available",
            "status": "available",
            "tags": [],
            "timeouts": {
              "create": "90m",
              "delete": null
            },
            "vpc": "r026-a0594016-8319-4abc-acc1-db59c52c8d66",
            "zone": "au-syd-1"
          },
          "private": "eyJlMmJmYjczMC1lY2FhLTExZTYtOGY4OC0zNDM2M2JjN2M0YzAiOnsiY3JlYXRlIjo1NDAwMDAwMDAwMDAwLCJkZWxldGUiOjYwMDAwMDAwMDAwMH19",
          "dependencies": [
            "module.vpc.data.ibm_resource_group.all_rg",
            "module.vpc.ibm_is_vpc.vpc"
          ]
        }
      ]
    },
    {
      "module": "module.vpc",
      "mode": "managed",
      "type": "ibm_is_vpc",
      "name": "vpc",
      "provider": "provider[\"registry.terraform.io/ibm-cloud/ibm\"]",
      "instances": [
        {
          "schema_version": 0,
          "attributes": {
            "address_prefix_management": "manual",
            "classic_access": false,
            "crn": "crn:v1:bluemix:public:is:au-syd:a/918185b8223c287fc7f5ca517d94c0f1::vpc:r026-a0594016-8319-4abc-acc1-db59c52c8d66",
            "cse_source_addresses": [
              {
                "address": "10.223.229.37",
                "zone_name": "au-syd-1"
              },
              {
                "address": "10.223.245.207",
                "zone_name": "au-syd-2"
              },
              {
                "address": "10.12.6.47",
                "zone_name": "au-syd-3"
              }
            ],
            "default_network_acl": "r026-e091d120-f1ad-4df0-94b2-0866b7895d98",
            "default_routing_table": "r026-9c7eb2fa-dde7-42cc-a5bf-fd420ef1aec7",
            "default_security_group": "r026-113242d6-86e0-4960-a959-743c71e2e653",
            "id": "r026-a0594016-8319-4abc-acc1-db59c52c8d66",
            "name": "shallcrm-vpc",
            "resource_controller_url": "https://cloud.ibm.com/vpc-ext/network/vpcs",
            "resource_crn": "crn:v1:bluemix:public:is:au-syd:a/918185b8223c287fc7f5ca517d94c0f1::vpc:r026-a0594016-8319-4abc-acc1-db59c52c8d66",
            "resource_group": "4ba0d39f7d0f4ef8805073c281c526e0",
            "resource_group_name": "Default",
            "resource_name": "shallcrm-vpc",
            "resource_status": "available",
            "security_group": [
              {
                "group_id": "r026-113242d6-86e0-4960-a959-743c71e2e653",
                "group_name": "illusive-nursery-mule-swiftness",
                "rules": [
                  {
                    "code": 0,
                    "direction": "outbound",
                    "ip_version": "ipv4",
                    "port_max": 0,
                    "port_min": 0,
                    "protocol": "all",
                    "remote": "0.0.0.0/0",
                    "rule_id": "r026-79171686-582b-4efb-a19c-9ac7dd4dd4e2",
                    "type": 0
                  },
                  {
                    "code": 0,
                    "direction": "inbound",
                    "ip_version": "ipv4",
                    "port_max": 0,
                    "port_min": 0,
                    "protocol": "all",
                    "remote": "r026-113242d6-86e0-4960-a959-743c71e2e653",
                    "rule_id": "r026-b2c1934c-2ea5-4499-8c38-58ec90ea4607",
                    "type": 0
                  }
                ]
              },
              {
                "group_id": "r026-3b1ab709-be92-4b1c-a176-9e4fc105c72a",
                "group_name": "shallcrm-vpc-backend-sg",
                "rules": [
                  {
                    "code": 0,
                    "direction": "inbound",
                    "ip_version": "ipv4",
                    "port_max": 27017,
                    "port_min": 27017,
                    "protocol": "tcp",
                    "remote": "r026-58baeb3a-82f0-4a3d-8524-93f3af5a3222",
                    "rule_id": "r026-58db9a51-3bfa-4d09-a776-dd14b18f4792",
                    "type": 0
                  },
                  {
                    "code": 0,
                    "direction": "outbound",
                    "ip_version": "ipv4",
                    "port_max": 80,
                    "port_min": 80,
                    "protocol": "tcp",
                    "remote": "161.26.0.0/24",
                    "rule_id": "r026-de6fc13a-98cb-44bb-9bff-47f327cdf9c7",
                    "type": 0
                  },
                  {
                    "code": 0,
                    "direction": "inbound",
                    "ip_version": "ipv4",
                    "port_max": 80,
                    "port_min": 80,
                    "protocol": "tcp",
                    "remote": "0.0.0.0/0",
                    "rule_id": "r026-768523df-18c5-434f-a1d2-c102b24d5aaa",
                    "type": 0
                  },
                  {
                    "code": 0,
                    "direction": "inbound",
                    "ip_version": "ipv4",
                    "port_max": 22,
                    "port_min": 22,
                    "protocol": "tcp",
                    "remote": "r026-71c38d70-445b-4f36-b14d-0dcb63beb36d",
                    "rule_id": "r026-6ef6ac55-4f7d-415f-9000-81c8d509f2af",
                    "type": 0
                  },
                  {
                    "code": 0,
                    "direction": "outbound",
                    "ip_version": "ipv4",
                    "port_max": 443,
                    "port_min": 443,
                    "protocol": "tcp",
                    "remote": "0.0.0.0/0",
                    "rule_id": "r026-b6a0af55-da22-42a6-823b-7eb8e1ac77d4",
                    "type": 0
                  },
                  {
                    "code": 0,
                    "direction": "outbound",
                    "ip_version": "ipv4",
                    "port_max": 53,
                    "port_min": 53,
                    "protocol": "udp",
                    "remote": "161.26.0.0/24",
                    "rule_id": "r026-8b788f73-d089-4ef7-a3f1-0a6a084003d5",
                    "type": 0
                  },
                  {
                    "code": 0,
                    "direction": "outbound",
                    "ip_version": "ipv4",
                    "port_max": 443,
                    "port_min": 443,
                    "protocol": "tcp",
                    "remote": "161.26.0.0/24",
                    "rule_id": "r026-6060a204-961a-44b6-966f-c06e88a5b3ba",
                    "type": 0
                  }
                ]
              },
              {
                "group_id": "r026-58baeb3a-82f0-4a3d-8524-93f3af5a3222",
                "group_name": "shallcrm-vpc-frontend-sg",
                "rules": [
                  {
                    "code": 0,
                    "direction": "outbound",
                    "ip_version": "ipv4",
                    "port_max": 443,
                    "port_min": 443,
                    "protocol": "tcp",
                    "remote": "0.0.0.0/0",
                    "rule_id": "r026-5c007f08-0f6c-4c19-a26b-7d3adecec6a8",
                    "type": 0
                  },
                  {
                    "code": 0,
                    "direction": "outbound",
                    "ip_version": "ipv4",
                    "port_max": 80,
                    "port_min": 80,
                    "protocol": "tcp",
                    "remote": "0.0.0.0/0",
                    "rule_id": "r026-1753b514-758c-4b37-8d8e-87dda1466f5e",
                    "type": 0
                  },
                  {
                    "code": 0,
                    "direction": "inbound",
                    "ip_version": "ipv4",
                    "port_max": 22,
                    "port_min": 22,
                    "protocol": "tcp",
                    "remote": "r026-71c38d70-445b-4f36-b14d-0dcb63beb36d",
                    "rule_id": "r026-1b3cf682-ec02-4629-bf3f-27758eb458c8",
                    "type": 0
                  },
                  {
                    "code": 0,
                    "direction": "inbound",
                    "ip_version": "ipv4",
                    "port_max": 8080,
                    "port_min": 8080,
                    "protocol": "tcp",
                    "remote": "0.0.0.0/0",
                    "rule_id": "r026-457e8d2d-5e54-45d0-a16f-391cdd49b43f",
                    "type": 0
                  },
                  {
                    "code": 0,
                    "direction": "outbound",
                    "ip_version": "ipv4",
                    "port_max": 80,
                    "port_min": 80,
                    "protocol": "tcp",
                    "remote": "161.26.0.0/24",
                    "rule_id": "r026-4e53eafc-df99-4d9e-bcc7-5cc4954e3991",
                    "type": 0
                  },
                  {
                    "code": 0,
                    "direction": "outbound",
                    "ip_version": "ipv4",
                    "port_max": 27017,
                    "port_min": 27017,
                    "protocol": "tcp",
                    "remote": "r026-3b1ab709-be92-4b1c-a176-9e4fc105c72a",
                    "rule_id": "r026-fa94acb6-7528-4841-b16c-2ead6014f704",
                    "type": 0
                  },
                  {
                    "code": 0,
                    "direction": "outbound",
                    "ip_version": "ipv4",
                    "port_max": 443,
                    "port_min": 443,
                    "protocol": "tcp",
                    "remote": "161.26.0.0/24",
                    "rule_id": "r026-79a5a2e1-beae-4697-87b5-4c09447022ea",
                    "type": 0
                  },
                  {
                    "code": 0,
                    "direction": "outbound",
                    "ip_version": "ipv4",
                    "port_max": 53,
                    "port_min": 53,
                    "protocol": "udp",
                    "remote": "161.26.0.0/24",
                    "rule_id": "r026-54f3d964-3e7c-4f1e-b0ff-d7e2861e9daf",
                    "type": 0
                  }
                ]
              },
              {
                "group_id": "r026-71c38d70-445b-4f36-b14d-0dcb63beb36d",
                "group_name": "shallcrm-vpc-bastion-sg",
                "rules": [
                  {
                    "code": 0,
                    "direction": "inbound",
                    "ip_version": "ipv4",
                    "port_max": 22,
                    "port_min": 22,
                    "protocol": "tcp",
                    "remote": "0.0.0.0/0",
                    "rule_id": "r026-2cbc4cb5-5df3-4b78-8e3f-5cde90a50cf8",
                    "type": 0
                  },
                  {
                    "code": 0,
                    "direction": "outbound",
                    "ip_version": "ipv4",
                    "port_max": 22,
                    "port_min": 22,
                    "protocol": "tcp",
                    "remote": "r026-58baeb3a-82f0-4a3d-8524-93f3af5a3222",
                    "rule_id": "r026-bf6b120d-6ce6-4298-9db8-bedf12744698",
                    "type": 0
                  },
                  {
                    "code": 0,
                    "direction": "outbound",
                    "ip_version": "ipv4",
                    "port_max": 22,
                    "port_min": 22,
                    "protocol": "tcp",
                    "remote": "r026-3b1ab709-be92-4b1c-a176-9e4fc105c72a",
                    "rule_id": "r026-754bb7a9-e54d-4a35-b1e3-925b4ae9069c",
                    "type": 0
                  },
                  {
                    "code": 0,
                    "direction": "outbound",
                    "ip_version": "ipv4",
                    "port_max": 53,
                    "port_min": 53,
                    "protocol": "udp",
                    "remote": "161.26.0.0/16",
                    "rule_id": "r026-5ffe9dfa-40cf-44f5-95d3-82d2d78bd01b",
                    "type": 0
                  },
                  {
                    "code": 0,
                    "direction": "outbound",
                    "ip_version": "ipv4",
                    "port_max": 443,
                    "port_min": 443,
                    "protocol": "tcp",
                    "remote": "161.26.0.0/16",
                    "rule_id": "r026-2304dd9a-2108-4a6f-ab3c-1b6a4c3bc71b",
                    "type": 0
                  },
                  {
                    "code": 0,
                    "direction": "outbound",
                    "ip_version": "ipv4",
                    "port_max": 80,
                    "port_min": 80,
                    "protocol": "tcp",
                    "remote": "161.26.0.0/16",
                    "rule_id": "r026-199fb26f-15d3-41bb-ad18-7bdb829bc8b0",
                    "type": 0
                  }
                ]
              }
            ],
            "status": "available",
            "subnets": [
              {
                "available_ipv4_address_count": 251,
                "id": "02h7-6b0b4c03-df39-4e5f-a1ca-68eabd9e6799",
                "name": "shallcrm-vpc-frontend-subnet-1",
                "status": "available",
                "total_ipv4_address_count": 256,
                "zone": "au-syd-1"
              },
              {
                "available_ipv4_address_count": 251,
                "id": "02h7-cc6dc6c4-2624-4b2f-9a63-3f80973a0352",
                "name": "shallcrm-vpc-backend-subnet-1",
                "status": "available",
                "total_ipv4_address_count": 256,
                "zone": "au-syd-1"
              },
              {
                "available_ipv4_address_count": 251,
                "id": "02h7-ea1d75bd-8bda-48d8-8419-fa93b498afdd",
                "name": "shallcrm-vpc-bastion-subnet-1",
                "status": "available",
                "total_ipv4_address_count": 256,
                "zone": "au-syd-1"
              }
            ],
            "tags": [],
            "timeouts": null
          },
          "private": "eyJlMmJmYjczMC1lY2FhLTExZTYtOGY4OC0zNDM2M2JjN2M0YzAiOnsiY3JlYXRlIjo2MDAwMDAwMDAwMDAsImRlbGV0ZSI6NjAwMDAwMDAwMDAwfX0=",
          "dependencies": [
            "module.vpc.data.ibm_resource_group.all_rg"
          ]
        }
      ]
    }
  ]
}
