{
  "version": 4,
  "terraform_version": "0.13.6",
  "serial": 337,
  "lineage": "0fe2542e-7400-8a12-27fd-2159b1408391",
  "outputs": {},
  "resources": [
    {
      "mode": "data",
      "type": "external",
      "name": "env",
      "provider": "provider[\"registry.terraform.io/hashicorp/external\"]",
      "instances": [
        {
          "schema_version": 0,
          "attributes": {
            "id": "-",
            "program": [
              "jq",
              "-n",
              "env"
            ],
            "query": null,
            "result": {
              "HOME": "/home/michael",
              "HOSTTYPE": "x86_64",
              "IBMCLOUD_API_KEY": "6k6IJYuTV7I9zqLLdd8f_KjAypCE8ze3K5uLS3ltEn_k",
              "LANG": "en_US.UTF-8",
              "LESSCLOSE": "/usr/bin/lesspipe %s %s",
              "LESSOPEN": "| /usr/bin/lesspipe %s",
              "LOGNAME": "michael",
              "LS_COLORS": "rs=0:di=01;34:ln=01;36:mh=00:pi=40;33:so=01;35:do=01;35:bd=40;33;01:cd=40;33;01:or=40;31;01:mi=00:su=37;41:sg=30;43:ca=30;41:tw=30;42:ow=34;42:st=37;44:ex=01;32:*.tar=01;31:*.tgz=01;31:*.arc=01;31:*.arj=01;31:*.taz=01;31:*.lha=01;31:*.lz4=01;31:*.lzh=01;31:*.lzma=01;31:*.tlz=01;31:*.txz=01;31:*.tzo=01;31:*.t7z=01;31:*.zip=01;31:*.z=01;31:*.dz=01;31:*.gz=01;31:*.lrz=01;31:*.lz=01;31:*.lzo=01;31:*.xz=01;31:*.zst=01;31:*.tzst=01;31:*.bz2=01;31:*.bz=01;31:*.tbz=01;31:*.tbz2=01;31:*.tz=01;31:*.deb=01;31:*.rpm=01;31:*.jar=01;31:*.war=01;31:*.ear=01;31:*.sar=01;31:*.rar=01;31:*.alz=01;31:*.ace=01;31:*.zoo=01;31:*.cpio=01;31:*.7z=01;31:*.rz=01;31:*.cab=01;31:*.wim=01;31:*.swm=01;31:*.dwm=01;31:*.esd=01;31:*.jpg=01;35:*.jpeg=01;35:*.mjpg=01;35:*.mjpeg=01;35:*.gif=01;35:*.bmp=01;35:*.pbm=01;35:*.pgm=01;35:*.ppm=01;35:*.tga=01;35:*.xbm=01;35:*.xpm=01;35:*.tif=01;35:*.tiff=01;35:*.png=01;35:*.svg=01;35:*.svgz=01;35:*.mng=01;35:*.pcx=01;35:*.mov=01;35:*.mpg=01;35:*.mpeg=01;35:*.m2v=01;35:*.mkv=01;35:*.webm=01;35:*.ogm=01;35:*.mp4=01;35:*.m4v=01;35:*.mp4v=01;35:*.vob=01;35:*.qt=01;35:*.nuv=01;35:*.wmv=01;35:*.asf=01;35:*.rm=01;35:*.rmvb=01;35:*.flc=01;35:*.avi=01;35:*.fli=01;35:*.flv=01;35:*.gl=01;35:*.dl=01;35:*.xcf=01;35:*.xwd=01;35:*.yuv=01;35:*.cgm=01;35:*.emf=01;35:*.ogv=01;35:*.ogx=01;35:*.aac=00;36:*.au=00;36:*.flac=00;36:*.m4a=00;36:*.mid=00;36:*.midi=00;36:*.mka=00;36:*.mp3=00;36:*.mpc=00;36:*.ogg=00;36:*.ra=00;36:*.wav=00;36:*.oga=00;36:*.opus=00;36:*.spx=00;36:*.xspf=00;36:",
              "NAME": "Nano",
              "OLDPWD": "/home/michael/code",
              "PATH": "/home/michael/bin:/home/michael/.local/bin:/usr/local/sbin:/usr/local/bin:/usr/sbin:/usr/bin:/sbin:/bin:/usr/games:/usr/local/games:/mnt/c/WINDOWS/system32:/mnt/c/WINDOWS:/mnt/c/WINDOWS/System32/Wbem:/mnt/c/WINDOWS/System32/WindowsPowerShell/v1.0/:/mnt/c/Program Files/Calibre2/:/mnt/c/WINDOWS/System32/OpenSSH/:/mnt/c/Program Files/Microsoft VS Code/bin:/mnt/c/Program Files/Git/cmd:/mnt/c/Program Files/IBM/Cloud/bin:/mnt/c/Program Files/PuTTY/:/mnt/c/Users/Michael/AppData/Local/Microsoft/WindowsApps:/mnt/c/Users/Michael/AppData/Local/atom/bin:/mnt/c/Program Files/Kubernetes/Minikube:/mnt/c/WINDOWS/system32:/mnt/c/WINDOWS:/mnt/c/WINDOWS/System32/Wbem:/mnt/c/WINDOWS/System32/WindowsPowerShell/v1.0/:/mnt/c/WINDOWS/System32/OpenSSH/:/mnt/c/Program Files (x86)/Plantronics/Spokes3G/:/mnt/c/HashiCorp/Vagrant/bin:/mnt/c/Program Files/dotnet/:/mnt/c/Users/Michael/AppData/Local/GitHubDesktop/bin:/mnt/c/Program Files/VMware/VMware OVF Tool:/mnt/c/Users/Michael/AppData/Local/Box/Box Edit/:/mnt/c/Users/Michael/My Program Files/CloudTools:/snap/bin:/home/michael/terraform:/home/michael/packer:/home/michael/terraform",
              "PLUGIN_CLIENT_CERT": "-----BEGIN CERTIFICATE-----\nMIICMTCCAZKgAwIBAgIRALGbWGNDr/TYo+1VW7ZUnxowCgYIKoZIzj0EAwQwKDES\nMBAGA1UEChMJSGFzaGlDb3JwMRIwEAYDVQQDEwlsb2NhbGhvc3QwIBcNMjEwMzE0\nMDcwMzEwWhgPMjA1MTAzMTQxOTAzNDBaMCgxEjAQBgNVBAoTCUhhc2hpQ29ycDES\nMBAGA1UEAxMJbG9jYWxob3N0MIGbMBAGByqGSM49AgEGBSuBBAAjA4GGAAQBDOMc\ndasLoqyz1TzV2BxAkd6exeKkgOGE+EBURAh0xJ79/wSxSQFYZQAvfmiiwsCSnzbk\nmn6kPfiyhckG6GEIgWQA9HmI0y5ymtIFrNVLeBIaBvwwCB+teI87Mf3safg3Aaam\ndq1t4g7jBOjJDUcYTbJistHO+nlEESYvkXet9VZ/AhujWDBWMA4GA1UdDwEB/wQE\nAwICrDAdBgNVHSUEFjAUBggrBgEFBQcDAgYIKwYBBQUHAwEwDwYDVR0TAQH/BAUw\nAwEB/zAUBgNVHREEDTALgglsb2NhbGhvc3QwCgYIKoZIzj0EAwQDgYwAMIGIAkIA\nvN37fvChzRsZdtuFR2MbhXvOXnX4ByVwWYus4Zar2RwZoWMn62kHaVtOOvO/UwLs\nPiXsdQ35HFEFGGcleG2OZWQCQgG5QMycbTxj88X7S5lJdCZifV9llYVQ7UBqCj1X\nFYcM1UL8oHWqSHwPb18mUNvEDpYNqFyOuzsqg9y1iweHyb1Nxg==\n-----END CERTIFICATE-----\n",
              "PLUGIN_MAX_PORT": "25000",
              "PLUGIN_MIN_PORT": "10000",
              "PLUGIN_PROTOCOL_VERSIONS": "5",
              "PWD": "/home/michael/code/multitier-vpc-bastion-host",
              "SHELL": "/bin/bash",
              "SHLVL": "1",
              "TERM": "xterm-256color",
              "TF_LOG": "ERROR",
              "TF_PLUGIN_MAGIC_COOKIE": "d602bf8f470bc67ca7faa0386276bbdd4330efaf76d1a219cb4d6991ca9872b2",
              "TF_VAR_ic_api_key": "6k6IJYuTV7I9zqLLdd8f_KjAypCE8ze3K5uLS3ltEn_k",
              "TF_VAR_sl_api_key": "1781345eb18ab06d5e4130d1b6b8d9c8480663a094144d39e9012fbd7f6975e3",
              "TF_VAR_sl_username": "1642777_shallcrm@au1.ibm.com",
              "USER": "michael",
              "WSLENV": "WT_SESSION::WT_PROFILE_ID",
              "WSL_DISTRO_NAME": "Ubuntu",
              "WT_PROFILE_ID": "{2c4de342-38b7-51cf-b940-2309a097f518}",
              "WT_SESSION": "b7f9d0b8-3597-4222-bc65-709369b6e4cf",
              "XDG_DATA_DIRS": "/usr/local/share:/usr/share:/var/lib/snapd/desktop",
              "_": "/home/michael/terraform/terraform",
              "apikey": "6k6IJYuTV7I9zqLLdd8f_KjAypCE8ze3K5uLS3ltEn_k"
            },
            "working_dir": null
          }
        }
      ]
    },
    {
      "mode": "data",
      "type": "ibm_resource_group",
      "name": "all_rg",
      "provider": "provider[\"registry.terraform.io/ibm-cloud/ibm\"]",
      "instances": [
        {
          "schema_version": 0,
          "attributes": {
            "id": "7abe241cfa3a421e9ae4d086e8660eb9",
            "is_default": null,
            "name": "VPC-admin"
          }
        }
      ]
    },
    {
      "module": "module.backend",
      "mode": "managed",
      "type": "ibm_is_security_group",
      "name": "backend",
      "provider": "provider[\"registry.terraform.io/ibm-cloud/ibm\"]",
      "instances": [
        {
          "schema_version": 0,
          "attributes": {
            "id": "r026-e598be59-974b-4edf-8d4d-c2cf1ce21bf5",
            "name": "shallcrm-vpc-backend-sg",
            "resource_controller_url": "https://cloud.ibm.com/vpc-ext/network/securityGroups",
            "resource_crn": "crn:v1:bluemix:public:is:au-syd:a/918185b8223c287fc7f5ca517d94c0f1::security-group:r026-e598be59-974b-4edf-8d4d-c2cf1ce21bf5",
            "resource_group": "7abe241cfa3a421e9ae4d086e8660eb9",
            "resource_group_name": "VPC-admin",
            "resource_name": "shallcrm-vpc-backend-sg",
            "rules": [],
            "vpc": "r026-593fc6d2-6218-426b-b8bd-b0d3d16594af"
          },
          "private": "bnVsbA==",
          "dependencies": [
            "data.ibm_resource_group.all_rg",
            "module.vpc.data.ibm_resource_group.all_rg",
            "module.vpc.ibm_is_vpc.vpc"
          ]
        }
      ]
    },
    {
      "module": "module.backend",
      "mode": "managed",
      "type": "ibm_is_security_group_rule",
      "name": "backend_access",
      "provider": "provider[\"registry.terraform.io/ibm-cloud/ibm\"]",
      "instances": [
        {
          "index_key": 0,
          "schema_version": 0,
          "attributes": {
            "direction": "inbound",
            "group": "r026-e598be59-974b-4edf-8d4d-c2cf1ce21bf5",
            "icmp": [],
            "id": "r026-e598be59-974b-4edf-8d4d-c2cf1ce21bf5.r026-3a57d26b-e41d-4516-bcf8-acbe61b3e478",
            "ip_version": "ipv4",
            "protocol": null,
            "related_crn": null,
            "remote": "r026-356f5ceb-32f8-4ceb-a394-c92824cff459",
            "rule_id": "r026-3a57d26b-e41d-4516-bcf8-acbe61b3e478",
            "tcp": [
              {
                "port_max": 22,
                "port_min": 22
              }
            ],
            "udp": []
          },
          "private": "bnVsbA==",
          "dependencies": [
            "data.ibm_resource_group.all_rg",
            "module.backend.ibm_is_security_group.backend",
            "module.bastion.ibm_is_security_group.bastion",
            "module.frontend.ibm_is_security_group.frontend",
            "module.vpc.data.ibm_resource_group.all_rg",
            "module.vpc.ibm_is_vpc.vpc"
          ]
        },
        {
          "index_key": 1,
          "schema_version": 0,
          "attributes": {
            "direction": "inbound",
            "group": "r026-e598be59-974b-4edf-8d4d-c2cf1ce21bf5",
            "icmp": [],
            "id": "r026-e598be59-974b-4edf-8d4d-c2cf1ce21bf5.r026-4b710663-337b-43d8-9aaf-adb3c20c0933",
            "ip_version": "ipv4",
            "protocol": null,
            "related_crn": null,
            "remote": "r026-76af26c1-1f04-4abf-8967-4798c208aa68",
            "rule_id": "r026-4b710663-337b-43d8-9aaf-adb3c20c0933",
            "tcp": [
              {
                "port_max": 27017,
                "port_min": 27017
              }
            ],
            "udp": []
          },
          "private": "bnVsbA==",
          "dependencies": [
            "data.ibm_resource_group.all_rg",
            "module.backend.ibm_is_security_group.backend",
            "module.bastion.ibm_is_security_group.bastion",
            "module.frontend.ibm_is_security_group.frontend",
            "module.vpc.data.ibm_resource_group.all_rg",
            "module.vpc.ibm_is_vpc.vpc"
          ]
        },
        {
          "index_key": 2,
          "schema_version": 0,
          "attributes": {
            "direction": "outbound",
            "group": "r026-e598be59-974b-4edf-8d4d-c2cf1ce21bf5",
            "icmp": [],
            "id": "r026-e598be59-974b-4edf-8d4d-c2cf1ce21bf5.r026-ffb4f631-281b-4f82-962e-ba724856be40",
            "ip_version": "ipv4",
            "protocol": null,
            "related_crn": null,
            "remote": "161.26.0.0/24",
            "rule_id": "r026-ffb4f631-281b-4f82-962e-ba724856be40",
            "tcp": [
              {
                "port_max": 443,
                "port_min": 443
              }
            ],
            "udp": []
          },
          "private": "bnVsbA==",
          "dependencies": [
            "data.ibm_resource_group.all_rg",
            "module.backend.ibm_is_security_group.backend",
            "module.bastion.ibm_is_security_group.bastion",
            "module.frontend.ibm_is_security_group.frontend",
            "module.vpc.data.ibm_resource_group.all_rg",
            "module.vpc.ibm_is_vpc.vpc"
          ]
        },
        {
          "index_key": 3,
          "schema_version": 0,
          "attributes": {
            "direction": "outbound",
            "group": "r026-e598be59-974b-4edf-8d4d-c2cf1ce21bf5",
            "icmp": [],
            "id": "r026-e598be59-974b-4edf-8d4d-c2cf1ce21bf5.r026-c2b4b711-3c7f-4d5b-a01f-b2e8ef63d1d8",
            "ip_version": "ipv4",
            "protocol": null,
            "related_crn": null,
            "remote": "161.26.0.0/24",
            "rule_id": "r026-c2b4b711-3c7f-4d5b-a01f-b2e8ef63d1d8",
            "tcp": [
              {
                "port_max": 80,
                "port_min": 80
              }
            ],
            "udp": []
          },
          "private": "bnVsbA==",
          "dependencies": [
            "data.ibm_resource_group.all_rg",
            "module.backend.ibm_is_security_group.backend",
            "module.bastion.ibm_is_security_group.bastion",
            "module.frontend.ibm_is_security_group.frontend",
            "module.vpc.data.ibm_resource_group.all_rg",
            "module.vpc.ibm_is_vpc.vpc"
          ]
        },
        {
          "index_key": 4,
          "schema_version": 0,
          "attributes": {
            "direction": "outbound",
            "group": "r026-e598be59-974b-4edf-8d4d-c2cf1ce21bf5",
            "icmp": [],
            "id": "r026-e598be59-974b-4edf-8d4d-c2cf1ce21bf5.r026-c3084386-3116-4961-b613-3f0cb42dd850",
            "ip_version": "ipv4",
            "protocol": null,
            "related_crn": null,
            "remote": "161.26.0.0/24",
            "rule_id": "r026-c3084386-3116-4961-b613-3f0cb42dd850",
            "tcp": [],
            "udp": [
              {
                "port_max": 53,
                "port_min": 53
              }
            ]
          },
          "private": "bnVsbA==",
          "dependencies": [
            "data.ibm_resource_group.all_rg",
            "module.backend.ibm_is_security_group.backend",
            "module.bastion.ibm_is_security_group.bastion",
            "module.frontend.ibm_is_security_group.frontend",
            "module.vpc.data.ibm_resource_group.all_rg",
            "module.vpc.ibm_is_vpc.vpc"
          ]
        },
        {
          "index_key": 5,
          "schema_version": 0,
          "attributes": {
            "direction": "outbound",
            "group": "r026-e598be59-974b-4edf-8d4d-c2cf1ce21bf5",
            "icmp": [],
            "id": "r026-e598be59-974b-4edf-8d4d-c2cf1ce21bf5.r026-4e3c38cd-3df8-44be-a69b-8e5cc110be26",
            "ip_version": "ipv4",
            "protocol": null,
            "related_crn": null,
            "remote": "0.0.0.0/0",
            "rule_id": "r026-4e3c38cd-3df8-44be-a69b-8e5cc110be26",
            "tcp": [
              {
                "port_max": 443,
                "port_min": 443
              }
            ],
            "udp": []
          },
          "private": "bnVsbA==",
          "dependencies": [
            "data.ibm_resource_group.all_rg",
            "module.backend.ibm_is_security_group.backend",
            "module.bastion.ibm_is_security_group.bastion",
            "module.frontend.ibm_is_security_group.frontend",
            "module.vpc.data.ibm_resource_group.all_rg",
            "module.vpc.ibm_is_vpc.vpc"
          ]
        },
        {
          "index_key": 6,
          "schema_version": 0,
          "attributes": {
            "direction": "inbound",
            "group": "r026-e598be59-974b-4edf-8d4d-c2cf1ce21bf5",
            "icmp": [],
            "id": "r026-e598be59-974b-4edf-8d4d-c2cf1ce21bf5.r026-b6e4f6a3-17b1-459c-a907-9e2806d09698",
            "ip_version": "ipv4",
            "protocol": null,
            "related_crn": null,
            "remote": "0.0.0.0/0",
            "rule_id": "r026-b6e4f6a3-17b1-459c-a907-9e2806d09698",
            "tcp": [
              {
                "port_max": 80,
                "port_min": 80
              }
            ],
            "udp": []
          },
          "private": "bnVsbA==",
          "dependencies": [
            "data.ibm_resource_group.all_rg",
            "module.backend.ibm_is_security_group.backend",
            "module.bastion.ibm_is_security_group.bastion",
            "module.frontend.ibm_is_security_group.frontend",
            "module.vpc.data.ibm_resource_group.all_rg",
            "module.vpc.ibm_is_vpc.vpc"
          ]
        }
      ]
    },
    {
      "module": "module.backend",
      "mode": "managed",
      "type": "ibm_is_subnet",
      "name": "backend_subnet",
      "provider": "provider[\"registry.terraform.io/ibm-cloud/ibm\"]",
      "instances": [
        {
          "index_key": 0,
          "schema_version": 0,
          "attributes": {
            "available_ipv4_address_count": 251,
            "id": "02h7-12a45cd1-77ce-4bac-b0a1-5567bf71f654",
            "ip_version": "ipv4",
            "ipv4_cidr_block": "172.18.0.0/24",
            "ipv6_cidr_block": null,
            "name": "shallcrm-vpc-backend-subnet-1",
            "network_acl": "r026-b5f14a38-89f8-473d-a1a8-aafe29ea709b",
            "public_gateway": "r026-3c108292-e528-4686-85c8-822b852d07e5",
            "resource_controller_url": "https://cloud.ibm.com/vpc-ext/network/subnets",
            "resource_crn": "crn:v1:bluemix:public:is:au-syd-1:a/918185b8223c287fc7f5ca517d94c0f1::subnet:02h7-12a45cd1-77ce-4bac-b0a1-5567bf71f654",
            "resource_group": "7abe241cfa3a421e9ae4d086e8660eb9",
            "resource_group_name": "VPC-admin",
            "resource_name": "shallcrm-vpc-backend-subnet-1",
            "resource_status": "available",
            "routing_table": "r026-feb8f8a0-ee10-4fe9-be79-aaa966ecce0d",
            "status": "available",
            "timeouts": null,
            "total_ipv4_address_count": 256,
            "vpc": "r026-593fc6d2-6218-426b-b8bd-b0d3d16594af",
            "zone": "au-syd-1"
          },
          "private": "eyJlMmJmYjczMC1lY2FhLTExZTYtOGY4OC0zNDM2M2JjN2M0YzAiOnsiY3JlYXRlIjo2MDAwMDAwMDAwMDAsImRlbGV0ZSI6NjAwMDAwMDAwMDAwLCJ1cGRhdGUiOjYwMDAwMDAwMDAwMH19",
          "dependencies": [
            "data.ibm_resource_group.all_rg",
            "module.backend.ibm_is_vpc_address_prefix.backend_subnet_prefix",
            "module.vpc.data.ibm_resource_group.all_rg",
            "module.vpc.ibm_is_public_gateway.repo_gateway",
            "module.vpc.ibm_is_vpc.vpc"
          ]
        }
      ]
    },
    {
      "module": "module.backend",
      "mode": "managed",
      "type": "ibm_is_vpc_address_prefix",
      "name": "backend_subnet_prefix",
      "provider": "provider[\"registry.terraform.io/ibm-cloud/ibm\"]",
      "instances": [
        {
          "index_key": 0,
          "schema_version": 0,
          "attributes": {
            "cidr": "172.18.0.0/24",
            "has_subnets": false,
            "id": "r026-593fc6d2-6218-426b-b8bd-b0d3d16594af/r026-b0d45aec-763a-47a1-8c23-2c3b59be68ea",
            "name": "shallcrm-vpc-backend-prefix-zone-1",
            "related_crn": "crn:v1:bluemix:public:is:au-syd:a/918185b8223c287fc7f5ca517d94c0f1::vpc:r026-593fc6d2-6218-426b-b8bd-b0d3d16594af",
            "vpc": "r026-593fc6d2-6218-426b-b8bd-b0d3d16594af",
            "zone": "au-syd-1"
          },
          "private": "bnVsbA==",
          "dependencies": [
            "module.vpc.data.ibm_resource_group.all_rg",
            "module.vpc.ibm_is_vpc.vpc"
          ]
        }
      ]
    },
    {
      "module": "module.bastion",
      "mode": "managed",
      "type": "ibm_is_floating_ip",
      "name": "bastion",
      "provider": "provider[\"registry.terraform.io/ibm-cloud/ibm\"]",
      "instances": [
        {
          "index_key": 0,
          "schema_version": 0,
          "attributes": {
            "address": "159.23.101.13",
            "id": "r026-2f93b63c-9019-4293-b9f6-0d73a04d9a3a",
            "name": "shallcrm-vpc-float-bastion-ip-1",
            "resource_controller_url": "https://cloud.ibm.com/vpc-ext/network/floatingIPs",
            "resource_crn": "crn:v1:bluemix:public:is:au-syd-1:a/918185b8223c287fc7f5ca517d94c0f1::floating-ip:r026-2f93b63c-9019-4293-b9f6-0d73a04d9a3a",
            "resource_group": "4ba0d39f7d0f4ef8805073c281c526e0",
            "resource_group_name": "Default",
            "resource_name": "shallcrm-vpc-float-bastion-ip-1",
            "resource_status": "available",
            "status": "available",
            "tags": [],
            "target": null,
            "timeouts": null,
            "zone": "au-syd-1"
          },
          "private": "eyJlMmJmYjczMC1lY2FhLTExZTYtOGY4OC0zNDM2M2JjN2M0YzAiOnsiY3JlYXRlIjo2MDAwMDAwMDAwMDAsImRlbGV0ZSI6NjAwMDAwMDAwMDAwfX0="
        }
      ]
    },
    {
      "module": "module.bastion",
      "mode": "managed",
      "type": "ibm_is_network_acl",
      "name": "bastion_acl",
      "provider": "provider[\"registry.terraform.io/ibm-cloud/ibm\"]",
      "instances": [
        {
          "schema_version": 0,
          "attributes": {
            "id": "r026-6de47d9b-d70a-4c4c-9e0b-281163631f9a",
            "name": "shallcrm-vpc-bastion-acl",
            "resource_controller_url": "https://cloud.ibm.com/vpc-ext/network/acl",
            "resource_crn": null,
            "resource_group": "7abe241cfa3a421e9ae4d086e8660eb9",
            "resource_group_name": "VPC-admin",
            "resource_name": "shallcrm-vpc-bastion-acl",
            "rules": [
              {
                "action": "allow",
                "destination": "0.0.0.0/0",
                "direction": "inbound",
                "icmp": [],
                "id": "73a4023e-f41f-4856-8e4d-882e42074839",
                "ip_version": "ipv4",
                "name": "inbound-tcp-untbptuu",
                "source": "172.17.0.0/20",
                "subnets": 0,
                "tcp": [
                  {
                    "port_max": 65535,
                    "port_min": 1024,
                    "source_port_max": 22,
                    "source_port_min": 22
                  }
                ],
                "udp": []
              },
              {
                "action": "allow",
                "destination": "0.0.0.0/0",
                "direction": "inbound",
                "icmp": [],
                "id": "3d81d8b1-1c87-40bf-85ae-217618418db2",
                "ip_version": "ipv4",
                "name": "inbound-tcp-jglchjwa",
                "source": "172.18.0.0/20",
                "subnets": 0,
                "tcp": [
                  {
                    "port_max": 65535,
                    "port_min": 1024,
                    "source_port_max": 22,
                    "source_port_min": 22
                  }
                ],
                "udp": []
              },
              {
                "action": "allow",
                "destination": "172.17.0.0/20",
                "direction": "outbound",
                "icmp": [],
                "id": "36a9dc2e-858c-46e1-8381-90eb9f6af5f0",
                "ip_version": "ipv4",
                "name": "outbound-tcp-zppfpagj",
                "source": "0.0.0.0/0",
                "subnets": 0,
                "tcp": [
                  {
                    "port_max": 22,
                    "port_min": 22,
                    "source_port_max": 65535,
                    "source_port_min": 1024
                  }
                ],
                "udp": []
              },
              {
                "action": "allow",
                "destination": "172.18.0.0/20",
                "direction": "outbound",
                "icmp": [],
                "id": "e8c2a10e-e5df-4393-963d-1d4d75c10d00",
                "ip_version": "ipv4",
                "name": "outbound-tcp-cclysiid",
                "source": "0.0.0.0/0",
                "subnets": 0,
                "tcp": [
                  {
                    "port_max": 22,
                    "port_min": 22,
                    "source_port_max": 65535,
                    "source_port_min": 1024
                  }
                ],
                "udp": []
              },
              {
                "action": "allow",
                "destination": "0.0.0.0/0",
                "direction": "inbound",
                "icmp": [],
                "id": "dbc82313-68b5-4902-a22f-4eee746c4c4c",
                "ip_version": "ipv4",
                "name": "inbound-tcp-fyqbptqd",
                "source": "0.0.0.0/0",
                "subnets": 0,
                "tcp": [
                  {
                    "port_max": 22,
                    "port_min": 22,
                    "source_port_max": 65535,
                    "source_port_min": 1024
                  }
                ],
                "udp": []
              },
              {
                "action": "allow",
                "destination": "0.0.0.0/0",
                "direction": "outbound",
                "icmp": [],
                "id": "4ebab0ae-1290-4197-8de8-751bf8924978",
                "ip_version": "ipv4",
                "name": "outbound-tcp-jwmdheun",
                "source": "0.0.0.0/0",
                "subnets": 0,
                "tcp": [
                  {
                    "port_max": 65535,
                    "port_min": 1024,
                    "source_port_max": 22,
                    "source_port_min": 22
                  }
                ],
                "udp": []
              },
              {
                "action": "allow",
                "destination": "0.0.0.0/0",
                "direction": "inbound",
                "icmp": [],
                "id": "d818b7df-8ed7-4600-a445-ccba653da638",
                "ip_version": "ipv4",
                "name": "inbound-tcp-trlcsvfl",
                "source": "161.26.0.0/16",
                "subnets": 0,
                "tcp": [
                  {
                    "port_max": 65535,
                    "port_min": 1024,
                    "source_port_max": 80,
                    "source_port_min": 80
                  }
                ],
                "udp": []
              },
              {
                "action": "allow",
                "destination": "0.0.0.0/0",
                "direction": "inbound",
                "icmp": [],
                "id": "d685f306-7721-43bd-9ed9-da0f76fd6734",
                "ip_version": "ipv4",
                "name": "inbound-udp-nrjeacec",
                "source": "161.26.0.0/16",
                "subnets": 0,
                "tcp": [],
                "udp": [
                  {
                    "port_max": 65535,
                    "port_min": 1024,
                    "source_port_max": 53,
                    "source_port_min": 53
                  }
                ]
              },
              {
                "action": "allow",
                "destination": "161.26.0.0/16",
                "direction": "outbound",
                "icmp": [],
                "id": "4767d4d2-11b6-4d6d-9c98-eb15076cfa14",
                "ip_version": "ipv4",
                "name": "outbound-tcp-atvpctss",
                "source": "0.0.0.0/0",
                "subnets": 0,
                "tcp": [
                  {
                    "port_max": 80,
                    "port_min": 80,
                    "source_port_max": 65535,
                    "source_port_min": 1024
                  }
                ],
                "udp": []
              },
              {
                "action": "allow",
                "destination": "161.26.0.0/16",
                "direction": "outbound",
                "icmp": [],
                "id": "eef82a29-ecc8-4fc6-9976-249528c3164b",
                "ip_version": "ipv4",
                "name": "outbound-udp-jfmklznt",
                "source": "0.0.0.0/0",
                "subnets": 0,
                "tcp": [],
                "udp": [
                  {
                    "port_max": 53,
                    "port_min": 53,
                    "source_port_max": 65535,
                    "source_port_min": 1024
                  }
                ]
              },
              {
                "action": "deny",
                "destination": "0.0.0.0/0",
                "direction": "inbound",
                "icmp": [],
                "id": "382e6ebc-f44a-4198-b3eb-39f38cc476c4",
                "ip_version": "ipv4",
                "name": "inbound-all-sgzsvptz",
                "source": "0.0.0.0/0",
                "subnets": 0,
                "tcp": [],
                "udp": []
              },
              {
                "action": "deny",
                "destination": "0.0.0.0/0",
                "direction": "outbound",
                "icmp": [],
                "id": "6f04b43c-f2a1-4a01-a078-55ecdb1fc17d",
                "ip_version": "ipv4",
                "name": "outbound-all-utbaoixt",
                "source": "0.0.0.0/0",
                "subnets": 0,
                "tcp": [],
                "udp": []
              }
            ],
            "timeouts": null,
            "vpc": "r026-593fc6d2-6218-426b-b8bd-b0d3d16594af"
          },
          "private": "eyJlMmJmYjczMC1lY2FhLTExZTYtOGY4OC0zNDM2M2JjN2M0YzAiOnsiY3JlYXRlIjo2MDAwMDAwMDAwMDAsImRlbGV0ZSI6NjAwMDAwMDAwMDAwfX0=",
          "dependencies": [
            "data.external.env",
            "data.ibm_resource_group.all_rg",
            "module.bastion.random_string.uuid",
            "module.vpc.data.ibm_resource_group.all_rg",
            "module.vpc.ibm_is_vpc.vpc"
          ]
        }
      ]
    },
    {
      "module": "module.bastion",
      "mode": "managed",
      "type": "ibm_is_security_group",
      "name": "bastion",
      "provider": "provider[\"registry.terraform.io/ibm-cloud/ibm\"]",
      "instances": [
        {
          "schema_version": 0,
          "attributes": {
            "id": "r026-356f5ceb-32f8-4ceb-a394-c92824cff459",
            "name": "shallcrm-vpc-bastion-sg",
            "resource_controller_url": "https://cloud.ibm.com/vpc-ext/network/securityGroups",
            "resource_crn": "crn:v1:bluemix:public:is:au-syd:a/918185b8223c287fc7f5ca517d94c0f1::security-group:r026-356f5ceb-32f8-4ceb-a394-c92824cff459",
            "resource_group": "7abe241cfa3a421e9ae4d086e8660eb9",
            "resource_group_name": "VPC-admin",
            "resource_name": "shallcrm-vpc-bastion-sg",
            "rules": [],
            "vpc": "r026-593fc6d2-6218-426b-b8bd-b0d3d16594af"
          },
          "private": "bnVsbA==",
          "dependencies": [
            "data.ibm_resource_group.all_rg",
            "module.vpc.data.ibm_resource_group.all_rg",
            "module.vpc.ibm_is_vpc.vpc"
          ]
        }
      ]
    },
    {
      "module": "module.bastion",
      "mode": "managed",
      "type": "ibm_is_security_group_rule",
      "name": "bastion_access",
      "provider": "provider[\"registry.terraform.io/ibm-cloud/ibm\"]",
      "instances": [
        {
          "index_key": 0,
          "schema_version": 0,
          "attributes": {
            "direction": "inbound",
            "group": "r026-356f5ceb-32f8-4ceb-a394-c92824cff459",
            "icmp": [],
            "id": "r026-356f5ceb-32f8-4ceb-a394-c92824cff459.r026-1cb18961-4966-4848-bb54-045c868b08e8",
            "ip_version": "ipv4",
            "protocol": null,
            "related_crn": null,
            "remote": "0.0.0.0/0",
            "rule_id": "r026-1cb18961-4966-4848-bb54-045c868b08e8",
            "tcp": [
              {
                "port_max": 22,
                "port_min": 22
              }
            ],
            "udp": []
          },
          "private": "bnVsbA==",
          "dependencies": [
            "data.external.env",
            "data.ibm_resource_group.all_rg",
            "module.backend.ibm_is_security_group.backend",
            "module.bastion.ibm_is_security_group.bastion",
            "module.frontend.ibm_is_security_group.frontend",
            "module.vpc.data.ibm_resource_group.all_rg",
            "module.vpc.ibm_is_vpc.vpc"
          ]
        },
        {
          "index_key": 1,
          "schema_version": 0,
          "attributes": {
            "direction": "outbound",
            "group": "r026-356f5ceb-32f8-4ceb-a394-c92824cff459",
            "icmp": [],
            "id": "r026-356f5ceb-32f8-4ceb-a394-c92824cff459.r026-10f0d805-021b-4570-b078-c98944e02eaa",
            "ip_version": "ipv4",
            "protocol": null,
            "related_crn": null,
            "remote": "r026-76af26c1-1f04-4abf-8967-4798c208aa68",
            "rule_id": "r026-10f0d805-021b-4570-b078-c98944e02eaa",
            "tcp": [
              {
                "port_max": 22,
                "port_min": 22
              }
            ],
            "udp": []
          },
          "private": "bnVsbA==",
          "dependencies": [
            "data.external.env",
            "data.ibm_resource_group.all_rg",
            "module.backend.ibm_is_security_group.backend",
            "module.bastion.ibm_is_security_group.bastion",
            "module.frontend.ibm_is_security_group.frontend",
            "module.vpc.data.ibm_resource_group.all_rg",
            "module.vpc.ibm_is_vpc.vpc"
          ]
        },
        {
          "index_key": 2,
          "schema_version": 0,
          "attributes": {
            "direction": "outbound",
            "group": "r026-356f5ceb-32f8-4ceb-a394-c92824cff459",
            "icmp": [],
            "id": "r026-356f5ceb-32f8-4ceb-a394-c92824cff459.r026-478b3a51-c184-4b11-af9b-686a0668e656",
            "ip_version": "ipv4",
            "protocol": null,
            "related_crn": null,
            "remote": "r026-e598be59-974b-4edf-8d4d-c2cf1ce21bf5",
            "rule_id": "r026-478b3a51-c184-4b11-af9b-686a0668e656",
            "tcp": [
              {
                "port_max": 22,
                "port_min": 22
              }
            ],
            "udp": []
          },
          "private": "bnVsbA==",
          "dependencies": [
            "data.external.env",
            "data.ibm_resource_group.all_rg",
            "module.backend.ibm_is_security_group.backend",
            "module.bastion.ibm_is_security_group.bastion",
            "module.frontend.ibm_is_security_group.frontend",
            "module.vpc.data.ibm_resource_group.all_rg",
            "module.vpc.ibm_is_vpc.vpc"
          ]
        },
        {
          "index_key": 3,
          "schema_version": 0,
          "attributes": {
            "direction": "outbound",
            "group": "r026-356f5ceb-32f8-4ceb-a394-c92824cff459",
            "icmp": [],
            "id": "r026-356f5ceb-32f8-4ceb-a394-c92824cff459.r026-4c5b0b5f-0099-4626-bcd2-1e5cb0422e0c",
            "ip_version": "ipv4",
            "protocol": null,
            "related_crn": null,
            "remote": "161.26.0.0/16",
            "rule_id": "r026-4c5b0b5f-0099-4626-bcd2-1e5cb0422e0c",
            "tcp": [],
            "udp": [
              {
                "port_max": 53,
                "port_min": 53
              }
            ]
          },
          "private": "bnVsbA==",
          "dependencies": [
            "data.external.env",
            "data.ibm_resource_group.all_rg",
            "module.backend.ibm_is_security_group.backend",
            "module.bastion.ibm_is_security_group.bastion",
            "module.frontend.ibm_is_security_group.frontend",
            "module.vpc.data.ibm_resource_group.all_rg",
            "module.vpc.ibm_is_vpc.vpc"
          ]
        },
        {
          "index_key": 4,
          "schema_version": 0,
          "attributes": {
            "direction": "outbound",
            "group": "r026-356f5ceb-32f8-4ceb-a394-c92824cff459",
            "icmp": [],
            "id": "r026-356f5ceb-32f8-4ceb-a394-c92824cff459.r026-bac0abc7-2ee2-4f95-b018-2516081e0cb4",
            "ip_version": "ipv4",
            "protocol": null,
            "related_crn": null,
            "remote": "161.26.0.0/16",
            "rule_id": "r026-bac0abc7-2ee2-4f95-b018-2516081e0cb4",
            "tcp": [
              {
                "port_max": 80,
                "port_min": 80
              }
            ],
            "udp": []
          },
          "private": "bnVsbA==",
          "dependencies": [
            "data.external.env",
            "data.ibm_resource_group.all_rg",
            "module.backend.ibm_is_security_group.backend",
            "module.bastion.ibm_is_security_group.bastion",
            "module.frontend.ibm_is_security_group.frontend",
            "module.vpc.data.ibm_resource_group.all_rg",
            "module.vpc.ibm_is_vpc.vpc"
          ]
        },
        {
          "index_key": 5,
          "schema_version": 0,
          "attributes": {
            "direction": "outbound",
            "group": "r026-356f5ceb-32f8-4ceb-a394-c92824cff459",
            "icmp": [],
            "id": "r026-356f5ceb-32f8-4ceb-a394-c92824cff459.r026-54b70398-d63d-4400-b1a6-73d04e487228",
            "ip_version": "ipv4",
            "protocol": null,
            "related_crn": null,
            "remote": "161.26.0.0/16",
            "rule_id": "r026-54b70398-d63d-4400-b1a6-73d04e487228",
            "tcp": [
              {
                "port_max": 443,
                "port_min": 443
              }
            ],
            "udp": []
          },
          "private": "bnVsbA==",
          "dependencies": [
            "data.external.env",
            "data.ibm_resource_group.all_rg",
            "module.backend.ibm_is_security_group.backend",
            "module.bastion.ibm_is_security_group.bastion",
            "module.frontend.ibm_is_security_group.frontend",
            "module.vpc.data.ibm_resource_group.all_rg",
            "module.vpc.ibm_is_vpc.vpc"
          ]
        }
      ]
    },
    {
      "module": "module.bastion",
      "mode": "managed",
      "type": "ibm_is_subnet",
      "name": "bastion_subnet",
      "provider": "provider[\"registry.terraform.io/ibm-cloud/ibm\"]",
      "instances": [
        {
          "index_key": 0,
          "schema_version": 0,
          "attributes": {
            "available_ipv4_address_count": 251,
            "id": "02h7-1de2bc9a-fd13-4315-9d01-1cf83c09ba41",
            "ip_version": "ipv4",
            "ipv4_cidr_block": "172.16.0.0/24",
            "ipv6_cidr_block": null,
            "name": "shallcrm-vpc-bastion-subnet-1",
            "network_acl": "r026-6de47d9b-d70a-4c4c-9e0b-281163631f9a",
            "public_gateway": "",
            "resource_controller_url": "https://cloud.ibm.com/vpc-ext/network/subnets",
            "resource_crn": "crn:v1:bluemix:public:is:au-syd-1:a/918185b8223c287fc7f5ca517d94c0f1::subnet:02h7-1de2bc9a-fd13-4315-9d01-1cf83c09ba41",
            "resource_group": "7abe241cfa3a421e9ae4d086e8660eb9",
            "resource_group_name": "VPC-admin",
            "resource_name": "shallcrm-vpc-bastion-subnet-1",
            "resource_status": "available",
            "routing_table": "r026-feb8f8a0-ee10-4fe9-be79-aaa966ecce0d",
            "status": "available",
            "timeouts": null,
            "total_ipv4_address_count": 256,
            "vpc": "r026-593fc6d2-6218-426b-b8bd-b0d3d16594af",
            "zone": "au-syd-1"
          },
          "private": "eyJlMmJmYjczMC1lY2FhLTExZTYtOGY4OC0zNDM2M2JjN2M0YzAiOnsiY3JlYXRlIjo2MDAwMDAwMDAwMDAsImRlbGV0ZSI6NjAwMDAwMDAwMDAwLCJ1cGRhdGUiOjYwMDAwMDAwMDAwMH19",
          "dependencies": [
            "data.external.env",
            "data.ibm_resource_group.all_rg",
            "module.bastion.ibm_is_network_acl.bastion_acl",
            "module.bastion.ibm_is_vpc_address_prefix.bast_subnet_prefix",
            "module.bastion.random_string.uuid",
            "module.vpc.data.ibm_resource_group.all_rg",
            "module.vpc.ibm_is_vpc.vpc"
          ]
        }
      ]
    },
    {
      "module": "module.bastion",
      "mode": "managed",
      "type": "ibm_is_vpc_address_prefix",
      "name": "bast_subnet_prefix",
      "provider": "provider[\"registry.terraform.io/ibm-cloud/ibm\"]",
      "instances": [
        {
          "index_key": 0,
          "schema_version": 0,
          "attributes": {
            "cidr": "172.16.0.0/24",
            "has_subnets": false,
            "id": "r026-593fc6d2-6218-426b-b8bd-b0d3d16594af/r026-b039e304-182c-4848-b666-ab1db30b8209",
            "name": "shallcrm-vpc-bastion-prefix-zone-1",
            "related_crn": "crn:v1:bluemix:public:is:au-syd:a/918185b8223c287fc7f5ca517d94c0f1::vpc:r026-593fc6d2-6218-426b-b8bd-b0d3d16594af",
            "vpc": "r026-593fc6d2-6218-426b-b8bd-b0d3d16594af",
            "zone": "au-syd-1"
          },
          "private": "bnVsbA==",
          "dependencies": [
            "module.vpc.data.ibm_resource_group.all_rg",
            "module.vpc.ibm_is_vpc.vpc"
          ]
        }
      ]
    },
    {
      "module": "module.bastion",
      "mode": "managed",
      "type": "random_string",
      "name": "uuid",
      "provider": "provider[\"registry.terraform.io/hashicorp/random\"]",
      "instances": [
        {
          "index_key": 0,
          "schema_version": 1,
          "attributes": {
            "id": "untbptuu",
            "keepers": null,
            "length": 8,
            "lower": true,
            "min_lower": 0,
            "min_numeric": 0,
            "min_special": 0,
            "min_upper": 0,
            "number": false,
            "override_special": null,
            "result": "untbptuu",
            "special": false,
            "upper": false
          },
          "private": "eyJzY2hlbWFfdmVyc2lvbiI6IjEifQ==",
          "dependencies": [
            "data.external.env"
          ]
        },
        {
          "index_key": 1,
          "schema_version": 1,
          "attributes": {
            "id": "jglchjwa",
            "keepers": null,
            "length": 8,
            "lower": true,
            "min_lower": 0,
            "min_numeric": 0,
            "min_special": 0,
            "min_upper": 0,
            "number": false,
            "override_special": null,
            "result": "jglchjwa",
            "special": false,
            "upper": false
          },
          "private": "eyJzY2hlbWFfdmVyc2lvbiI6IjEifQ==",
          "dependencies": [
            "data.external.env"
          ]
        },
        {
          "index_key": 2,
          "schema_version": 1,
          "attributes": {
            "id": "zppfpagj",
            "keepers": null,
            "length": 8,
            "lower": true,
            "min_lower": 0,
            "min_numeric": 0,
            "min_special": 0,
            "min_upper": 0,
            "number": false,
            "override_special": null,
            "result": "zppfpagj",
            "special": false,
            "upper": false
          },
          "private": "eyJzY2hlbWFfdmVyc2lvbiI6IjEifQ==",
          "dependencies": [
            "data.external.env"
          ]
        },
        {
          "index_key": 3,
          "schema_version": 1,
          "attributes": {
            "id": "cclysiid",
            "keepers": null,
            "length": 8,
            "lower": true,
            "min_lower": 0,
            "min_numeric": 0,
            "min_special": 0,
            "min_upper": 0,
            "number": false,
            "override_special": null,
            "result": "cclysiid",
            "special": false,
            "upper": false
          },
          "private": "eyJzY2hlbWFfdmVyc2lvbiI6IjEifQ==",
          "dependencies": [
            "data.external.env"
          ]
        },
        {
          "index_key": 4,
          "schema_version": 1,
          "attributes": {
            "id": "fyqbptqd",
            "keepers": null,
            "length": 8,
            "lower": true,
            "min_lower": 0,
            "min_numeric": 0,
            "min_special": 0,
            "min_upper": 0,
            "number": false,
            "override_special": null,
            "result": "fyqbptqd",
            "special": false,
            "upper": false
          },
          "private": "eyJzY2hlbWFfdmVyc2lvbiI6IjEifQ==",
          "dependencies": [
            "data.external.env"
          ]
        },
        {
          "index_key": 5,
          "schema_version": 1,
          "attributes": {
            "id": "jwmdheun",
            "keepers": null,
            "length": 8,
            "lower": true,
            "min_lower": 0,
            "min_numeric": 0,
            "min_special": 0,
            "min_upper": 0,
            "number": false,
            "override_special": null,
            "result": "jwmdheun",
            "special": false,
            "upper": false
          },
          "private": "eyJzY2hlbWFfdmVyc2lvbiI6IjEifQ==",
          "dependencies": [
            "data.external.env"
          ]
        },
        {
          "index_key": 6,
          "schema_version": 1,
          "attributes": {
            "id": "trlcsvfl",
            "keepers": null,
            "length": 8,
            "lower": true,
            "min_lower": 0,
            "min_numeric": 0,
            "min_special": 0,
            "min_upper": 0,
            "number": false,
            "override_special": null,
            "result": "trlcsvfl",
            "special": false,
            "upper": false
          },
          "private": "eyJzY2hlbWFfdmVyc2lvbiI6IjEifQ==",
          "dependencies": [
            "data.external.env"
          ]
        },
        {
          "index_key": 7,
          "schema_version": 1,
          "attributes": {
            "id": "nrjeacec",
            "keepers": null,
            "length": 8,
            "lower": true,
            "min_lower": 0,
            "min_numeric": 0,
            "min_special": 0,
            "min_upper": 0,
            "number": false,
            "override_special": null,
            "result": "nrjeacec",
            "special": false,
            "upper": false
          },
          "private": "eyJzY2hlbWFfdmVyc2lvbiI6IjEifQ==",
          "dependencies": [
            "data.external.env"
          ]
        },
        {
          "index_key": 8,
          "schema_version": 1,
          "attributes": {
            "id": "atvpctss",
            "keepers": null,
            "length": 8,
            "lower": true,
            "min_lower": 0,
            "min_numeric": 0,
            "min_special": 0,
            "min_upper": 0,
            "number": false,
            "override_special": null,
            "result": "atvpctss",
            "special": false,
            "upper": false
          },
          "private": "eyJzY2hlbWFfdmVyc2lvbiI6IjEifQ==",
          "dependencies": [
            "data.external.env"
          ]
        },
        {
          "index_key": 9,
          "schema_version": 1,
          "attributes": {
            "id": "jfmklznt",
            "keepers": null,
            "length": 8,
            "lower": true,
            "min_lower": 0,
            "min_numeric": 0,
            "min_special": 0,
            "min_upper": 0,
            "number": false,
            "override_special": null,
            "result": "jfmklznt",
            "special": false,
            "upper": false
          },
          "private": "eyJzY2hlbWFfdmVyc2lvbiI6IjEifQ==",
          "dependencies": [
            "data.external.env"
          ]
        },
        {
          "index_key": 10,
          "schema_version": 1,
          "attributes": {
            "id": "sgzsvptz",
            "keepers": null,
            "length": 8,
            "lower": true,
            "min_lower": 0,
            "min_numeric": 0,
            "min_special": 0,
            "min_upper": 0,
            "number": false,
            "override_special": null,
            "result": "sgzsvptz",
            "special": false,
            "upper": false
          },
          "private": "eyJzY2hlbWFfdmVyc2lvbiI6IjEifQ==",
          "dependencies": [
            "data.external.env"
          ]
        },
        {
          "index_key": 11,
          "schema_version": 1,
          "attributes": {
            "id": "utbaoixt",
            "keepers": null,
            "length": 8,
            "lower": true,
            "min_lower": 0,
            "min_numeric": 0,
            "min_special": 0,
            "min_upper": 0,
            "number": false,
            "override_special": null,
            "result": "utbaoixt",
            "special": false,
            "upper": false
          },
          "private": "eyJzY2hlbWFfdmVyc2lvbiI6IjEifQ==",
          "dependencies": [
            "data.external.env"
          ]
        }
      ]
    },
    {
      "module": "module.frontend",
      "mode": "managed",
      "type": "ibm_is_security_group",
      "name": "frontend",
      "provider": "provider[\"registry.terraform.io/ibm-cloud/ibm\"]",
      "instances": [
        {
          "schema_version": 0,
          "attributes": {
            "id": "r026-76af26c1-1f04-4abf-8967-4798c208aa68",
            "name": "shallcrm-vpc-frontend-sg",
            "resource_controller_url": "https://cloud.ibm.com/vpc-ext/network/securityGroups",
            "resource_crn": "crn:v1:bluemix:public:is:au-syd:a/918185b8223c287fc7f5ca517d94c0f1::security-group:r026-76af26c1-1f04-4abf-8967-4798c208aa68",
            "resource_group": "7abe241cfa3a421e9ae4d086e8660eb9",
            "resource_group_name": "VPC-admin",
            "resource_name": "shallcrm-vpc-frontend-sg",
            "rules": [],
            "vpc": "r026-593fc6d2-6218-426b-b8bd-b0d3d16594af"
          },
          "private": "bnVsbA==",
          "dependencies": [
            "data.ibm_resource_group.all_rg",
            "module.vpc.data.ibm_resource_group.all_rg",
            "module.vpc.ibm_is_vpc.vpc"
          ]
        }
      ]
    },
    {
      "module": "module.frontend",
      "mode": "managed",
      "type": "ibm_is_security_group_rule",
      "name": "frontend_access",
      "provider": "provider[\"registry.terraform.io/ibm-cloud/ibm\"]",
      "instances": [
        {
          "index_key": 0,
          "schema_version": 0,
          "attributes": {
            "direction": "outbound",
            "group": "r026-76af26c1-1f04-4abf-8967-4798c208aa68",
            "icmp": [],
            "id": "r026-76af26c1-1f04-4abf-8967-4798c208aa68.r026-60eb5f99-b8e6-4443-8761-056cfecae5a4",
            "ip_version": "ipv4",
            "protocol": null,
            "related_crn": null,
            "remote": "r026-e598be59-974b-4edf-8d4d-c2cf1ce21bf5",
            "rule_id": "r026-60eb5f99-b8e6-4443-8761-056cfecae5a4",
            "tcp": [
              {
                "port_max": 27017,
                "port_min": 27017
              }
            ],
            "udp": []
          },
          "private": "bnVsbA==",
          "dependencies": [
            "data.ibm_resource_group.all_rg",
            "module.backend.ibm_is_security_group.backend",
            "module.bastion.ibm_is_security_group.bastion",
            "module.frontend.ibm_is_security_group.frontend",
            "module.vpc.data.ibm_resource_group.all_rg",
            "module.vpc.ibm_is_vpc.vpc"
          ]
        },
        {
          "index_key": 1,
          "schema_version": 0,
          "attributes": {
            "direction": "inbound",
            "group": "r026-76af26c1-1f04-4abf-8967-4798c208aa68",
            "icmp": [],
            "id": "r026-76af26c1-1f04-4abf-8967-4798c208aa68.r026-9ef3a2ae-ad6a-49fb-9dca-a1178e72718a",
            "ip_version": "ipv4",
            "protocol": null,
            "related_crn": null,
            "remote": "r026-356f5ceb-32f8-4ceb-a394-c92824cff459",
            "rule_id": "r026-9ef3a2ae-ad6a-49fb-9dca-a1178e72718a",
            "tcp": [
              {
                "port_max": 22,
                "port_min": 22
              }
            ],
            "udp": []
          },
          "private": "bnVsbA==",
          "dependencies": [
            "data.ibm_resource_group.all_rg",
            "module.backend.ibm_is_security_group.backend",
            "module.bastion.ibm_is_security_group.bastion",
            "module.frontend.ibm_is_security_group.frontend",
            "module.vpc.data.ibm_resource_group.all_rg",
            "module.vpc.ibm_is_vpc.vpc"
          ]
        },
        {
          "index_key": 2,
          "schema_version": 0,
          "attributes": {
            "direction": "outbound",
            "group": "r026-76af26c1-1f04-4abf-8967-4798c208aa68",
            "icmp": [],
            "id": "r026-76af26c1-1f04-4abf-8967-4798c208aa68.r026-9edac2c8-65dc-45b9-bf2a-854b32de5c3a",
            "ip_version": "ipv4",
            "protocol": null,
            "related_crn": null,
            "remote": "161.26.0.0/24",
            "rule_id": "r026-9edac2c8-65dc-45b9-bf2a-854b32de5c3a",
            "tcp": [
              {
                "port_max": 443,
                "port_min": 443
              }
            ],
            "udp": []
          },
          "private": "bnVsbA==",
          "dependencies": [
            "data.ibm_resource_group.all_rg",
            "module.backend.ibm_is_security_group.backend",
            "module.bastion.ibm_is_security_group.bastion",
            "module.frontend.ibm_is_security_group.frontend",
            "module.vpc.data.ibm_resource_group.all_rg",
            "module.vpc.ibm_is_vpc.vpc"
          ]
        },
        {
          "index_key": 3,
          "schema_version": 0,
          "attributes": {
            "direction": "outbound",
            "group": "r026-76af26c1-1f04-4abf-8967-4798c208aa68",
            "icmp": [],
            "id": "r026-76af26c1-1f04-4abf-8967-4798c208aa68.r026-9ddb269d-fdac-46c9-92ae-86634e7a1ee8",
            "ip_version": "ipv4",
            "protocol": null,
            "related_crn": null,
            "remote": "161.26.0.0/24",
            "rule_id": "r026-9ddb269d-fdac-46c9-92ae-86634e7a1ee8",
            "tcp": [
              {
                "port_max": 80,
                "port_min": 80
              }
            ],
            "udp": []
          },
          "private": "bnVsbA==",
          "dependencies": [
            "data.ibm_resource_group.all_rg",
            "module.backend.ibm_is_security_group.backend",
            "module.bastion.ibm_is_security_group.bastion",
            "module.frontend.ibm_is_security_group.frontend",
            "module.vpc.data.ibm_resource_group.all_rg",
            "module.vpc.ibm_is_vpc.vpc"
          ]
        },
        {
          "index_key": 4,
          "schema_version": 0,
          "attributes": {
            "direction": "outbound",
            "group": "r026-76af26c1-1f04-4abf-8967-4798c208aa68",
            "icmp": [],
            "id": "r026-76af26c1-1f04-4abf-8967-4798c208aa68.r026-af5fc906-5281-4a61-8779-c57ac1c6cf4b",
            "ip_version": "ipv4",
            "protocol": null,
            "related_crn": null,
            "remote": "161.26.0.0/24",
            "rule_id": "r026-af5fc906-5281-4a61-8779-c57ac1c6cf4b",
            "tcp": [],
            "udp": [
              {
                "port_max": 53,
                "port_min": 53
              }
            ]
          },
          "private": "bnVsbA==",
          "dependencies": [
            "data.ibm_resource_group.all_rg",
            "module.backend.ibm_is_security_group.backend",
            "module.bastion.ibm_is_security_group.bastion",
            "module.frontend.ibm_is_security_group.frontend",
            "module.vpc.data.ibm_resource_group.all_rg",
            "module.vpc.ibm_is_vpc.vpc"
          ]
        },
        {
          "index_key": 5,
          "schema_version": 0,
          "attributes": {
            "direction": "outbound",
            "group": "r026-76af26c1-1f04-4abf-8967-4798c208aa68",
            "icmp": [],
            "id": "r026-76af26c1-1f04-4abf-8967-4798c208aa68.r026-63813514-e4b2-4f4e-bcfe-5dd0a511c7b3",
            "ip_version": "ipv4",
            "protocol": null,
            "related_crn": null,
            "remote": "0.0.0.0/0",
            "rule_id": "r026-63813514-e4b2-4f4e-bcfe-5dd0a511c7b3",
            "tcp": [
              {
                "port_max": 80,
                "port_min": 80
              }
            ],
            "udp": []
          },
          "private": "bnVsbA==",
          "dependencies": [
            "data.ibm_resource_group.all_rg",
            "module.backend.ibm_is_security_group.backend",
            "module.bastion.ibm_is_security_group.bastion",
            "module.frontend.ibm_is_security_group.frontend",
            "module.vpc.data.ibm_resource_group.all_rg",
            "module.vpc.ibm_is_vpc.vpc"
          ]
        },
        {
          "index_key": 6,
          "schema_version": 0,
          "attributes": {
            "direction": "outbound",
            "group": "r026-76af26c1-1f04-4abf-8967-4798c208aa68",
            "icmp": [],
            "id": "r026-76af26c1-1f04-4abf-8967-4798c208aa68.r026-ce6bf72b-7ee8-427b-bf2d-315593eaf0b8",
            "ip_version": "ipv4",
            "protocol": null,
            "related_crn": null,
            "remote": "0.0.0.0/0",
            "rule_id": "r026-ce6bf72b-7ee8-427b-bf2d-315593eaf0b8",
            "tcp": [
              {
                "port_max": 443,
                "port_min": 443
              }
            ],
            "udp": []
          },
          "private": "bnVsbA==",
          "dependencies": [
            "data.ibm_resource_group.all_rg",
            "module.backend.ibm_is_security_group.backend",
            "module.bastion.ibm_is_security_group.bastion",
            "module.frontend.ibm_is_security_group.frontend",
            "module.vpc.data.ibm_resource_group.all_rg",
            "module.vpc.ibm_is_vpc.vpc"
          ]
        },
        {
          "index_key": 7,
          "schema_version": 0,
          "attributes": {
            "direction": "inbound",
            "group": "r026-76af26c1-1f04-4abf-8967-4798c208aa68",
            "icmp": [],
            "id": "r026-76af26c1-1f04-4abf-8967-4798c208aa68.r026-5bdf361f-8677-4b7f-aaee-fb7182bdb448",
            "ip_version": "ipv4",
            "protocol": null,
            "related_crn": null,
            "remote": "0.0.0.0/0",
            "rule_id": "r026-5bdf361f-8677-4b7f-aaee-fb7182bdb448",
            "tcp": [
              {
                "port_max": 8080,
                "port_min": 8080
              }
            ],
            "udp": []
          },
          "private": "bnVsbA==",
          "dependencies": [
            "data.ibm_resource_group.all_rg",
            "module.backend.ibm_is_security_group.backend",
            "module.bastion.ibm_is_security_group.bastion",
            "module.frontend.ibm_is_security_group.frontend",
            "module.vpc.data.ibm_resource_group.all_rg",
            "module.vpc.ibm_is_vpc.vpc"
          ]
        }
      ]
    },
    {
      "module": "module.frontend",
      "mode": "managed",
      "type": "ibm_is_subnet",
      "name": "frontend_subnet",
      "provider": "provider[\"registry.terraform.io/ibm-cloud/ibm\"]",
      "instances": [
        {
          "index_key": 0,
          "schema_version": 0,
          "attributes": {
            "available_ipv4_address_count": 251,
            "id": "02h7-6c6f4f96-fe87-4dc0-a582-3c085d5a3266",
            "ip_version": "ipv4",
            "ipv4_cidr_block": "172.17.0.0/24",
            "ipv6_cidr_block": null,
            "name": "shallcrm-vpc-frontend-subnet-1",
            "network_acl": "r026-b5f14a38-89f8-473d-a1a8-aafe29ea709b",
            "public_gateway": "r026-3c108292-e528-4686-85c8-822b852d07e5",
            "resource_controller_url": "https://cloud.ibm.com/vpc-ext/network/subnets",
            "resource_crn": "crn:v1:bluemix:public:is:au-syd-1:a/918185b8223c287fc7f5ca517d94c0f1::subnet:02h7-6c6f4f96-fe87-4dc0-a582-3c085d5a3266",
            "resource_group": "7abe241cfa3a421e9ae4d086e8660eb9",
            "resource_group_name": "VPC-admin",
            "resource_name": "shallcrm-vpc-frontend-subnet-1",
            "resource_status": "available",
            "routing_table": "r026-feb8f8a0-ee10-4fe9-be79-aaa966ecce0d",
            "status": "available",
            "timeouts": null,
            "total_ipv4_address_count": 256,
            "vpc": "r026-593fc6d2-6218-426b-b8bd-b0d3d16594af",
            "zone": "au-syd-1"
          },
          "private": "eyJlMmJmYjczMC1lY2FhLTExZTYtOGY4OC0zNDM2M2JjN2M0YzAiOnsiY3JlYXRlIjo2MDAwMDAwMDAwMDAsImRlbGV0ZSI6NjAwMDAwMDAwMDAwLCJ1cGRhdGUiOjYwMDAwMDAwMDAwMH19",
          "dependencies": [
            "data.ibm_resource_group.all_rg",
            "module.frontend.ibm_is_vpc_address_prefix.frontend_subnet_prefix",
            "module.vpc.data.ibm_resource_group.all_rg",
            "module.vpc.ibm_is_public_gateway.repo_gateway",
            "module.vpc.ibm_is_vpc.vpc"
          ]
        }
      ]
    },
    {
      "module": "module.frontend",
      "mode": "managed",
      "type": "ibm_is_vpc_address_prefix",
      "name": "frontend_subnet_prefix",
      "provider": "provider[\"registry.terraform.io/ibm-cloud/ibm\"]",
      "instances": [
        {
          "index_key": 0,
          "schema_version": 0,
          "attributes": {
            "cidr": "172.17.0.0/24",
            "has_subnets": false,
            "id": "r026-593fc6d2-6218-426b-b8bd-b0d3d16594af/r026-c8b4185e-e0f8-4744-9b0a-06b8ebc432a0",
            "name": "shallcrm-vpc-frontend-prefix-zone-1",
            "related_crn": "crn:v1:bluemix:public:is:au-syd:a/918185b8223c287fc7f5ca517d94c0f1::vpc:r026-593fc6d2-6218-426b-b8bd-b0d3d16594af",
            "vpc": "r026-593fc6d2-6218-426b-b8bd-b0d3d16594af",
            "zone": "au-syd-1"
          },
          "private": "bnVsbA==",
          "dependencies": [
            "module.vpc.data.ibm_resource_group.all_rg",
            "module.vpc.ibm_is_vpc.vpc"
          ]
        }
      ]
    },
    {
      "module": "module.vpc",
      "mode": "data",
      "type": "ibm_resource_group",
      "name": "all_rg",
      "provider": "provider[\"registry.terraform.io/ibm-cloud/ibm\"]",
      "instances": [
        {
          "schema_version": 0,
          "attributes": {
            "id": "7abe241cfa3a421e9ae4d086e8660eb9",
            "is_default": null,
            "name": "VPC-admin"
          }
        }
      ]
    },
    {
      "module": "module.vpc",
      "mode": "managed",
      "type": "ibm_is_public_gateway",
      "name": "repo_gateway",
      "provider": "provider[\"registry.terraform.io/ibm-cloud/ibm\"]",
      "instances": [
        {
          "index_key": 0,
          "schema_version": 0,
          "attributes": {
            "floating_ip": {
              "address": "159.23.88.110",
              "id": "r026-d5774efb-b5cb-4647-bf39-aa555dc3ab34"
            },
            "id": "r026-3c108292-e528-4686-85c8-822b852d07e5",
            "name": "shallcrm-vpc-public-gw-1",
            "resource_controller_url": "https://cloud.ibm.com/vpc-ext/network/publicGateways",
            "resource_crn": "crn:v1:bluemix:public:is:au-syd-1:a/918185b8223c287fc7f5ca517d94c0f1::public-gateway:r026-3c108292-e528-4686-85c8-822b852d07e5",
            "resource_group": "4ba0d39f7d0f4ef8805073c281c526e0",
            "resource_group_name": "Default",
            "resource_name": "shallcrm-vpc-public-gw-1",
            "resource_status": "available",
            "status": "available",
            "tags": [],
            "timeouts": {
              "create": "10m",
              "delete": null
            },
            "vpc": "r026-593fc6d2-6218-426b-b8bd-b0d3d16594af",
            "zone": "au-syd-1"
          },
          "private": "eyJlMmJmYjczMC1lY2FhLTExZTYtOGY4OC0zNDM2M2JjN2M0YzAiOnsiY3JlYXRlIjo2MDAwMDAwMDAwMDAsImRlbGV0ZSI6NjAwMDAwMDAwMDAwfX0=",
          "dependencies": [
            "module.vpc.data.ibm_resource_group.all_rg",
            "module.vpc.ibm_is_vpc.vpc"
          ]
        }
      ]
    },
    {
      "module": "module.vpc",
      "mode": "managed",
      "type": "ibm_is_vpc",
      "name": "vpc",
      "provider": "provider[\"registry.terraform.io/ibm-cloud/ibm\"]",
      "instances": [
        {
          "schema_version": 0,
          "attributes": {
            "address_prefix_management": "manual",
            "classic_access": false,
            "crn": "crn:v1:bluemix:public:is:au-syd:a/918185b8223c287fc7f5ca517d94c0f1::vpc:r026-593fc6d2-6218-426b-b8bd-b0d3d16594af",
            "cse_source_addresses": [
              {
                "address": "10.223.229.207",
                "zone_name": "au-syd-1"
              },
              {
                "address": "10.223.242.23",
                "zone_name": "au-syd-2"
              },
              {
                "address": "10.12.4.130",
                "zone_name": "au-syd-3"
              }
            ],
            "default_network_acl": "r026-b5f14a38-89f8-473d-a1a8-aafe29ea709b",
            "default_routing_table": "r026-feb8f8a0-ee10-4fe9-be79-aaa966ecce0d",
            "default_security_group": "r026-84873e2b-4d4c-4e8c-9311-24e3dd4f2c06",
            "id": "r026-593fc6d2-6218-426b-b8bd-b0d3d16594af",
            "name": "shallcrm-vpc",
            "resource_controller_url": "https://cloud.ibm.com/vpc-ext/network/vpcs",
            "resource_crn": "crn:v1:bluemix:public:is:au-syd:a/918185b8223c287fc7f5ca517d94c0f1::vpc:r026-593fc6d2-6218-426b-b8bd-b0d3d16594af",
            "resource_group": "7abe241cfa3a421e9ae4d086e8660eb9",
            "resource_group_name": "VPC-admin",
            "resource_name": "shallcrm-vpc",
            "resource_status": "available",
            "security_group": [
              {
                "group_id": "r026-84873e2b-4d4c-4e8c-9311-24e3dd4f2c06",
                "group_name": "climate-thee-monotype-splashy",
                "rules": [
                  {
                    "code": 0,
                    "direction": "outbound",
                    "ip_version": "ipv4",
                    "port_max": 0,
                    "port_min": 0,
                    "protocol": "all",
                    "remote": "0.0.0.0/0",
                    "rule_id": "r026-47274798-37de-4e2c-8f37-6aa9fae31ad2",
                    "type": 0
                  },
                  {
                    "code": 0,
                    "direction": "inbound",
                    "ip_version": "ipv4",
                    "port_max": 0,
                    "port_min": 0,
                    "protocol": "all",
                    "remote": "r026-84873e2b-4d4c-4e8c-9311-24e3dd4f2c06",
                    "rule_id": "r026-37d8e732-cdb1-40fa-bb8e-c84e73042d1e",
                    "type": 0
                  }
                ]
              }
            ],
            "status": "available",
            "subnets": [],
            "tags": [],
            "timeouts": null
          },
          "private": "eyJlMmJmYjczMC1lY2FhLTExZTYtOGY4OC0zNDM2M2JjN2M0YzAiOnsiY3JlYXRlIjo2MDAwMDAwMDAwMDAsImRlbGV0ZSI6NjAwMDAwMDAwMDAwfX0=",
          "dependencies": [
            "module.vpc.data.ibm_resource_group.all_rg"
          ]
        }
      ]
    }
  ]
}
